{
  "object": {
    "pins": [
      {
        "package": "Alamofire",
        "repositoryURL": "https://github.com/Alamofire/Alamofire",
        "state": {
          "branch": null,
          "revision": "f96b619bcb2383b43d898402283924b80e2c4bae",
          "version": "5.4.3"
        }
      },
      {
        "package": "KakaoSDK",
        "repositoryURL": "https://github.com/minsOne/KakaoSDK-SwiftPM.git",
        "state": {
          "branch": "master",
          "revision": "972d696c07195ecd21178433b9d57c763d467a9f",
          "version": null
        }
      },
      {
        "package": "Kingfisher",
        "repositoryURL": "https://github.com/onevcat/Kingfisher.git",
        "state": {
          "branch": null,
          "revision": "44450a8f564d7c0165f736ba2250649ff8d3e556",
          "version": "6.3.0"
        }
      },
      {
        "package": "RxDataSources",
        "repositoryURL": "https://github.com/RxSwiftCommunity/RxDataSources",
        "state": {
          "branch": null,
          "revision": "e4627ac4f5a8dc10719030561801825c443acfec",
          "version": "5.0.1"
        }
      },
      {
        "package": "RxSwift",
        "repositoryURL": "https://github.com/ReactiveX/RxSwift.git",
        "state": {
          "branch": null,
          "revision": "7c17a6ccca06b5c107cfa4284e634562ddaf5951",
          "version": "6.2.0"
        }
      },
      {
        "package": "SQLiteStorage",
        "repositoryURL": "https://github.com/sudopark/SQLiteStorage.git",
        "state": {
          "branch": null,
          "revision": "1787f00c913eb49fec7dc016fff643f0881f49f4",
          "version": "0.0.1"
        }
      },
      {
        "package": "WSTagsField",
        "repositoryURL": "https://github.com/whitesmith/WSTagsField.git",
        "state": {
          "branch": null,
          "revision": "4a3f36d1903554bb6b65df0e7936df9bb95d7525",
          "version": "5.4.0"
        }
      }
    ]
  },
  "version": 1
}
