{
  "object": {
    "pins": [
      {
        "package": "Alamofire",
        "repositoryURL": "https://github.com/Alamofire/Alamofire.git",
        "state": {
          "branch": null,
          "revision": "f96b619bcb2383b43d898402283924b80e2c4bae",
          "version": "5.4.3"
        }
      },
      {
        "package": "KakaoOpenSDK_V2",
        "repositoryURL": "https://github.com/fbdlrghks123/KakaoSDK_SPM.git",
        "state": {
          "branch": null,
          "revision": "b90479b2699d86a5e7f2f018fd21e758f7e7e191",
          "version": "2.4.1"
        }
      },
      {
        "package": "Kingfisher",
        "repositoryURL": "https://github.com/onevcat/Kingfisher.git",
        "state": {
          "branch": null,
          "revision": "44450a8f564d7c0165f736ba2250649ff8d3e556",
          "version": "6.3.0"
        }
      },
      {
        "package": "RxSwift",
        "repositoryURL": "https://github.com/ReactiveX/RxSwift.git",
        "state": {
          "branch": null,
          "revision": "7e01c05f25c025143073eaa3be3532f9375c614b",
          "version": "6.1.0"
        }
      }
    ]
  },
  "version": 1
}
