// !$*UTF8*$!
{
	archiveVersion = 1;
	classes = {
	};
	objectVersion = 52;
	objects = {

/* Begin PBXBuildFile section */
		2B074A8A2642AD5D00C94E71 /* HttpAPI.swift in Sources */ = {isa = PBXBuildFile; fileRef = 2B074A892642AD5D00C94E71 /* HttpAPI.swift */; };
		2B7157032642A60500D0C186 /* HttpAPIEndPoints.swift in Sources */ = {isa = PBXBuildFile; fileRef = 2B7157022642A60500D0C186 /* HttpAPIEndPoints.swift */; };
		2B9F276C2633E69200FEBCE3 /* Remote.swift in Sources */ = {isa = PBXBuildFile; fileRef = 2B9F276B2633E69200FEBCE3 /* Remote.swift */; };
		2B9F27722633E77900FEBCE3 /* LocalStorage.swift in Sources */ = {isa = PBXBuildFile; fileRef = 2B9F27712633E77900FEBCE3 /* LocalStorage.swift */; };
		2B9F27792633E7AB00FEBCE3 /* EnvironmentStorage.swift in Sources */ = {isa = PBXBuildFile; fileRef = 2B9F27782633E7AB00FEBCE3 /* EnvironmentStorage.swift */; };
		2B9F277D2633E7D500FEBCE3 /* EncryptedStorage.swift in Sources */ = {isa = PBXBuildFile; fileRef = 2B9F277C2633E7D500FEBCE3 /* EncryptedStorage.swift */; };
		2BA4070626315F21000CC122 /* Common3rdParty.framework in Frameworks */ = {isa = PBXBuildFile; fileRef = 2BA4070526315F21000CC122 /* Common3rdParty.framework */; };
		2BABA28D26429FAA007E2D1E /* RepositoryImple+Place.swift in Sources */ = {isa = PBXBuildFile; fileRef = 2BABA28C26429FAA007E2D1E /* RepositoryImple+Place.swift */; };
		2BABA28F2642A0E7007E2D1E /* RepositoryTests+Places.swift in Sources */ = {isa = PBXBuildFile; fileRef = 2BABA28E2642A0E7007E2D1E /* RepositoryTests+Places.swift */; };
		2BD54F63263D4C29004B3EB0 /* Domain.framework in Frameworks */ = {isa = PBXBuildFile; fileRef = 2BD54F62263D4C29004B3EB0 /* Domain.framework */; };
		2BD54F67263D4C33004B3EB0 /* UnitTestHelpKit.framework in Frameworks */ = {isa = PBXBuildFile; fileRef = 2BD54F66263D4C33004B3EB0 /* UnitTestHelpKit.framework */; };
		2BD54F69263D4C3D004B3EB0 /* Common3rdParty.framework in Frameworks */ = {isa = PBXBuildFile; fileRef = 2BD54F68263D4C3D004B3EB0 /* Common3rdParty.framework */; };
		2BD54F6C263D4C67004B3EB0 /* RepositoryImple+Auth.swift in Sources */ = {isa = PBXBuildFile; fileRef = 2BD54F6B263D4C67004B3EB0 /* RepositoryImple+Auth.swift */; };
		2BD54F75263DB51A004B3EB0 /* RepositoryTests+Auth.swift in Sources */ = {isa = PBXBuildFile; fileRef = 2BD54F74263DB51A004B3EB0 /* RepositoryTests+Auth.swift */; };
		2BD54F77263DB58F004B3EB0 /* MockRemote.swift in Sources */ = {isa = PBXBuildFile; fileRef = 2BD54F76263DB58F004B3EB0 /* MockRemote.swift */; };
		2BD54F79263DB59E004B3EB0 /* MockLocal.swift in Sources */ = {isa = PBXBuildFile; fileRef = 2BD54F78263DB59E004B3EB0 /* MockLocal.swift */; };
		2BD54F7D263DB826004B3EB0 /* Dummies.swift in Sources */ = {isa = PBXBuildFile; fileRef = 2BD54F7C263DB826004B3EB0 /* Dummies.swift */; };
		2BF00BE9262B7E1300E235C0 /* DataStore.framework in Frameworks */ = {isa = PBXBuildFile; fileRef = 2BF00BDF262B7E1300E235C0 /* DataStore.framework */; };
		2BF00BEE262B7E1300E235C0 /* DataStoreTests.swift in Sources */ = {isa = PBXBuildFile; fileRef = 2BF00BED262B7E1300E235C0 /* DataStoreTests.swift */; };
		2BF00BF0262B7E1300E235C0 /* DataStore.h in Headers */ = {isa = PBXBuildFile; fileRef = 2BF00BE2262B7E1300E235C0 /* DataStore.h */; settings = {ATTRIBUTES = (Public, ); }; };
		F62202BA2698918700B26B50 /* LocalStorageTests+Place.swift in Sources */ = {isa = PBXBuildFile; fileRef = F62202B92698918700B26B50 /* LocalStorageTests+Place.swift */; };
		F625EDC526821DB4000C87F0 /* LocalStorageImple+Auth.swift in Sources */ = {isa = PBXBuildFile; fileRef = F625EDC426821DB4000C87F0 /* LocalStorageImple+Auth.swift */; };
		F625EDC726821E3B000C87F0 /* LocalStorageImple+Member.swift in Sources */ = {isa = PBXBuildFile; fileRef = F625EDC626821E3B000C87F0 /* LocalStorageImple+Member.swift */; };
		F625EDC926821E4E000C87F0 /* LocalStorageImple+Tag.swift in Sources */ = {isa = PBXBuildFile; fileRef = F625EDC826821E4E000C87F0 /* LocalStorageImple+Tag.swift */; };
		F625EDCB26821E63000C87F0 /* LocalStorageImple+Place.swift in Sources */ = {isa = PBXBuildFile; fileRef = F625EDCA26821E63000C87F0 /* LocalStorageImple+Place.swift */; };
		F625EDCD26821E75000C87F0 /* LocalStorageImple+Hooray.swift in Sources */ = {isa = PBXBuildFile; fileRef = F625EDCC26821E75000C87F0 /* LocalStorageImple+Hooray.swift */; };
		F625EDCF26821F9D000C87F0 /* DataModelStorage.swift in Sources */ = {isa = PBXBuildFile; fileRef = F625EDCE26821F9D000C87F0 /* DataModelStorage.swift */; };
		F633212726557873000D7456 /* RepositoryImple+Member.swift in Sources */ = {isa = PBXBuildFile; fileRef = F633212626557873000D7456 /* RepositoryImple+Member.swift */; };
		F633212926557924000D7456 /* RepositoryTests+Member.swift in Sources */ = {isa = PBXBuildFile; fileRef = F633212826557924000D7456 /* RepositoryTests+Member.swift */; };
		F63D29F8269AE7DD007580E2 /* PlaceInfoTable.swift in Sources */ = {isa = PBXBuildFile; fileRef = F63D29F7269AE7DD007580E2 /* PlaceInfoTable.swift */; };
		F63D29FA269C906D007580E2 /* TagTable.swift in Sources */ = {isa = PBXBuildFile; fileRef = F63D29F9269C906D007580E2 /* TagTable.swift */; };
		F6419BF626822FB000C7919B /* LocalStorageTests+Auth&Member.swift in Sources */ = {isa = PBXBuildFile; fileRef = F6419BF526822FB000C7919B /* LocalStorageTests+Auth&Member.swift */; };
		F660B8EF26747B1E004FB42E /* Alamofire in Frameworks */ = {isa = PBXBuildFile; productRef = F660B8EE26747B1E004FB42E /* Alamofire */; };
		F66BB88F2684F64F00B46A99 /* KeychainSwift in Frameworks */ = {isa = PBXBuildFile; productRef = F66BB88E2684F64F00B46A99 /* KeychainSwift */; };
		F66BB8912686E7F400B46A99 /* BaseLocalStorageTests.swift in Sources */ = {isa = PBXBuildFile; fileRef = F66BB8902686E7F400B46A99 /* BaseLocalStorageTests.swift */; };
		F66BB8942686EF3E00B46A99 /* SQLiteStorage+Extension.swift in Sources */ = {isa = PBXBuildFile; fileRef = F66BB8932686EF3E00B46A99 /* SQLiteStorage+Extension.swift */; };
		F66C133126E3AEBC00940CF3 /* MemberThumbnailTable.swift in Sources */ = {isa = PBXBuildFile; fileRef = F66C133026E3AEBC00940CF3 /* MemberThumbnailTable.swift */; };
		F67848D12650F2420074C344 /* RepositoryImple+Hooray.swift in Sources */ = {isa = PBXBuildFile; fileRef = F67848D02650F2420074C344 /* RepositoryImple+Hooray.swift */; };
		F67848D32650F4980074C344 /* RepositoryTests+Hooray.swift in Sources */ = {isa = PBXBuildFile; fileRef = F67848D22650F4980074C344 /* RepositoryTests+Hooray.swift */; };
		F6A72A3D26483C8A006BE4BD /* RepositoryImple+Tags.swift in Sources */ = {isa = PBXBuildFile; fileRef = F6A72A3C26483C8A006BE4BD /* RepositoryImple+Tags.swift */; };
		F6A72A3F26485FAD006BE4BD /* RepositoryTests+Tag.swift in Sources */ = {isa = PBXBuildFile; fileRef = F6A72A3E26485FAD006BE4BD /* RepositoryTests+Tag.swift */; };
		F6CF34B026D7DC6B003B52CD /* LocalStorageTests+Hooray.swift in Sources */ = {isa = PBXBuildFile; fileRef = F6CF34AF26D7DC6B003B52CD /* LocalStorageTests+Hooray.swift */; };
		F6CF34B226D7E55C003B52CD /* HoorayTable.swift in Sources */ = {isa = PBXBuildFile; fileRef = F6CF34B126D7E55C003B52CD /* HoorayTable.swift */; };
		F6CF34B426D7E56E003B52CD /* HoorayAckUserTable.swift in Sources */ = {isa = PBXBuildFile; fileRef = F6CF34B326D7E56E003B52CD /* HoorayAckUserTable.swift */; };
		F6CF34B626D7E576003B52CD /* HoorayReactionsTable.swift in Sources */ = {isa = PBXBuildFile; fileRef = F6CF34B526D7E576003B52CD /* HoorayReactionsTable.swift */; };
		F6D401B1268223C6003647C3 /* MemberTable.swift in Sources */ = {isa = PBXBuildFile; fileRef = F6D401B0268223C6003647C3 /* MemberTable.swift */; };
		F6D401B3268224C8003647C3 /* ImageSourceTable.swift in Sources */ = {isa = PBXBuildFile; fileRef = F6D401B2268224C8003647C3 /* ImageSourceTable.swift */; };
		F6F0088B26E3A09B00944DB9 /* SQLiteService in Frameworks */ = {isa = PBXBuildFile; productRef = F6F0088A26E3A09B00944DB9 /* SQLiteService */; };
/* End PBXBuildFile section */

/* Begin PBXContainerItemProxy section */
		2BF00BEA262B7E1300E235C0 /* PBXContainerItemProxy */ = {
			isa = PBXContainerItemProxy;
			containerPortal = 2BF00BD6262B7E1300E235C0 /* Project object */;
			proxyType = 1;
			remoteGlobalIDString = 2BF00BDE262B7E1300E235C0;
			remoteInfo = DataStore;
		};
/* End PBXContainerItemProxy section */

/* Begin PBXFileReference section */
		2B074A892642AD5D00C94E71 /* HttpAPI.swift */ = {isa = PBXFileReference; lastKnownFileType = sourcecode.swift; path = HttpAPI.swift; sourceTree = "<group>"; };
		2B7157022642A60500D0C186 /* HttpAPIEndPoints.swift */ = {isa = PBXFileReference; lastKnownFileType = sourcecode.swift; path = HttpAPIEndPoints.swift; sourceTree = "<group>"; };
		2B9F276B2633E69200FEBCE3 /* Remote.swift */ = {isa = PBXFileReference; lastKnownFileType = sourcecode.swift; path = Remote.swift; sourceTree = "<group>"; };
		2B9F27712633E77900FEBCE3 /* LocalStorage.swift */ = {isa = PBXFileReference; lastKnownFileType = sourcecode.swift; path = LocalStorage.swift; sourceTree = "<group>"; };
		2B9F27782633E7AB00FEBCE3 /* EnvironmentStorage.swift */ = {isa = PBXFileReference; lastKnownFileType = sourcecode.swift; path = EnvironmentStorage.swift; sourceTree = "<group>"; };
		2B9F277C2633E7D500FEBCE3 /* EncryptedStorage.swift */ = {isa = PBXFileReference; lastKnownFileType = sourcecode.swift; path = EncryptedStorage.swift; sourceTree = "<group>"; };
		2BA406CB26315E48000CC122 /* Common3rdParty.framework */ = {isa = PBXFileReference; explicitFileType = wrapper.framework; path = Common3rdParty.framework; sourceTree = BUILT_PRODUCTS_DIR; };
		2BA4070526315F21000CC122 /* Common3rdParty.framework */ = {isa = PBXFileReference; explicitFileType = wrapper.framework; path = Common3rdParty.framework; sourceTree = BUILT_PRODUCTS_DIR; };
		2BA4071326315F5F000CC122 /* Common3rdParty.framework */ = {isa = PBXFileReference; explicitFileType = wrapper.framework; path = Common3rdParty.framework; sourceTree = BUILT_PRODUCTS_DIR; };
		2BABA28C26429FAA007E2D1E /* RepositoryImple+Place.swift */ = {isa = PBXFileReference; lastKnownFileType = sourcecode.swift; path = "RepositoryImple+Place.swift"; sourceTree = "<group>"; };
		2BABA28E2642A0E7007E2D1E /* RepositoryTests+Places.swift */ = {isa = PBXFileReference; lastKnownFileType = sourcecode.swift; path = "RepositoryTests+Places.swift"; sourceTree = "<group>"; };
		2BD54F62263D4C29004B3EB0 /* Domain.framework */ = {isa = PBXFileReference; explicitFileType = wrapper.framework; path = Domain.framework; sourceTree = BUILT_PRODUCTS_DIR; };
		2BD54F66263D4C33004B3EB0 /* UnitTestHelpKit.framework */ = {isa = PBXFileReference; explicitFileType = wrapper.framework; path = UnitTestHelpKit.framework; sourceTree = BUILT_PRODUCTS_DIR; };
		2BD54F68263D4C3D004B3EB0 /* Common3rdParty.framework */ = {isa = PBXFileReference; explicitFileType = wrapper.framework; path = Common3rdParty.framework; sourceTree = BUILT_PRODUCTS_DIR; };
		2BD54F6B263D4C67004B3EB0 /* RepositoryImple+Auth.swift */ = {isa = PBXFileReference; lastKnownFileType = sourcecode.swift; path = "RepositoryImple+Auth.swift"; sourceTree = "<group>"; };
		2BD54F74263DB51A004B3EB0 /* RepositoryTests+Auth.swift */ = {isa = PBXFileReference; lastKnownFileType = sourcecode.swift; path = "RepositoryTests+Auth.swift"; sourceTree = "<group>"; };
		2BD54F76263DB58F004B3EB0 /* MockRemote.swift */ = {isa = PBXFileReference; lastKnownFileType = sourcecode.swift; path = MockRemote.swift; sourceTree = "<group>"; };
		2BD54F78263DB59E004B3EB0 /* MockLocal.swift */ = {isa = PBXFileReference; lastKnownFileType = sourcecode.swift; path = MockLocal.swift; sourceTree = "<group>"; };
		2BD54F7C263DB826004B3EB0 /* Dummies.swift */ = {isa = PBXFileReference; lastKnownFileType = sourcecode.swift; path = Dummies.swift; sourceTree = "<group>"; };
		2BF00BDF262B7E1300E235C0 /* DataStore.framework */ = {isa = PBXFileReference; explicitFileType = wrapper.framework; includeInIndex = 0; path = DataStore.framework; sourceTree = BUILT_PRODUCTS_DIR; };
		2BF00BE2262B7E1300E235C0 /* DataStore.h */ = {isa = PBXFileReference; lastKnownFileType = sourcecode.c.h; path = DataStore.h; sourceTree = "<group>"; };
		2BF00BE3262B7E1300E235C0 /* Info.plist */ = {isa = PBXFileReference; lastKnownFileType = text.plist.xml; path = Info.plist; sourceTree = "<group>"; };
		2BF00BE8262B7E1300E235C0 /* DataStoreTests.xctest */ = {isa = PBXFileReference; explicitFileType = wrapper.cfbundle; includeInIndex = 0; path = DataStoreTests.xctest; sourceTree = BUILT_PRODUCTS_DIR; };
		2BF00BED262B7E1300E235C0 /* DataStoreTests.swift */ = {isa = PBXFileReference; lastKnownFileType = sourcecode.swift; path = DataStoreTests.swift; sourceTree = "<group>"; };
		2BF00BEF262B7E1300E235C0 /* Info.plist */ = {isa = PBXFileReference; lastKnownFileType = text.plist.xml; path = Info.plist; sourceTree = "<group>"; };
		F62202B92698918700B26B50 /* LocalStorageTests+Place.swift */ = {isa = PBXFileReference; lastKnownFileType = sourcecode.swift; path = "LocalStorageTests+Place.swift"; sourceTree = "<group>"; };
		F625EDC426821DB4000C87F0 /* LocalStorageImple+Auth.swift */ = {isa = PBXFileReference; lastKnownFileType = sourcecode.swift; path = "LocalStorageImple+Auth.swift"; sourceTree = "<group>"; };
		F625EDC626821E3B000C87F0 /* LocalStorageImple+Member.swift */ = {isa = PBXFileReference; lastKnownFileType = sourcecode.swift; path = "LocalStorageImple+Member.swift"; sourceTree = "<group>"; };
		F625EDC826821E4E000C87F0 /* LocalStorageImple+Tag.swift */ = {isa = PBXFileReference; lastKnownFileType = sourcecode.swift; path = "LocalStorageImple+Tag.swift"; sourceTree = "<group>"; };
		F625EDCA26821E63000C87F0 /* LocalStorageImple+Place.swift */ = {isa = PBXFileReference; lastKnownFileType = sourcecode.swift; path = "LocalStorageImple+Place.swift"; sourceTree = "<group>"; };
		F625EDCC26821E75000C87F0 /* LocalStorageImple+Hooray.swift */ = {isa = PBXFileReference; lastKnownFileType = sourcecode.swift; path = "LocalStorageImple+Hooray.swift"; sourceTree = "<group>"; };
		F625EDCE26821F9D000C87F0 /* DataModelStorage.swift */ = {isa = PBXFileReference; lastKnownFileType = sourcecode.swift; path = DataModelStorage.swift; sourceTree = "<group>"; };
		F633212626557873000D7456 /* RepositoryImple+Member.swift */ = {isa = PBXFileReference; lastKnownFileType = sourcecode.swift; path = "RepositoryImple+Member.swift"; sourceTree = "<group>"; };
		F633212826557924000D7456 /* RepositoryTests+Member.swift */ = {isa = PBXFileReference; lastKnownFileType = sourcecode.swift; path = "RepositoryTests+Member.swift"; sourceTree = "<group>"; };
		F63D29F7269AE7DD007580E2 /* PlaceInfoTable.swift */ = {isa = PBXFileReference; lastKnownFileType = sourcecode.swift; path = PlaceInfoTable.swift; sourceTree = "<group>"; };
		F63D29F9269C906D007580E2 /* TagTable.swift */ = {isa = PBXFileReference; lastKnownFileType = sourcecode.swift; path = TagTable.swift; sourceTree = "<group>"; };
		F6419BF526822FB000C7919B /* LocalStorageTests+Auth&Member.swift */ = {isa = PBXFileReference; lastKnownFileType = sourcecode.swift; path = "LocalStorageTests+Auth&Member.swift"; sourceTree = "<group>"; };
		F66BB8902686E7F400B46A99 /* BaseLocalStorageTests.swift */ = {isa = PBXFileReference; lastKnownFileType = sourcecode.swift; path = BaseLocalStorageTests.swift; sourceTree = "<group>"; };
		F66BB8932686EF3E00B46A99 /* SQLiteStorage+Extension.swift */ = {isa = PBXFileReference; lastKnownFileType = sourcecode.swift; path = "SQLiteStorage+Extension.swift"; sourceTree = "<group>"; };
		F66C133026E3AEBC00940CF3 /* MemberThumbnailTable.swift */ = {isa = PBXFileReference; lastKnownFileType = sourcecode.swift; path = MemberThumbnailTable.swift; sourceTree = "<group>"; };
		F67848D02650F2420074C344 /* RepositoryImple+Hooray.swift */ = {isa = PBXFileReference; lastKnownFileType = sourcecode.swift; path = "RepositoryImple+Hooray.swift"; sourceTree = "<group>"; };
		F67848D22650F4980074C344 /* RepositoryTests+Hooray.swift */ = {isa = PBXFileReference; lastKnownFileType = sourcecode.swift; path = "RepositoryTests+Hooray.swift"; sourceTree = "<group>"; };
		F6A72A3C26483C8A006BE4BD /* RepositoryImple+Tags.swift */ = {isa = PBXFileReference; lastKnownFileType = sourcecode.swift; path = "RepositoryImple+Tags.swift"; sourceTree = "<group>"; };
		F6A72A3E26485FAD006BE4BD /* RepositoryTests+Tag.swift */ = {isa = PBXFileReference; lastKnownFileType = sourcecode.swift; path = "RepositoryTests+Tag.swift"; sourceTree = "<group>"; };
		F6CF34AF26D7DC6B003B52CD /* LocalStorageTests+Hooray.swift */ = {isa = PBXFileReference; lastKnownFileType = sourcecode.swift; path = "LocalStorageTests+Hooray.swift"; sourceTree = "<group>"; };
		F6CF34B126D7E55C003B52CD /* HoorayTable.swift */ = {isa = PBXFileReference; lastKnownFileType = sourcecode.swift; path = HoorayTable.swift; sourceTree = "<group>"; };
		F6CF34B326D7E56E003B52CD /* HoorayAckUserTable.swift */ = {isa = PBXFileReference; lastKnownFileType = sourcecode.swift; path = HoorayAckUserTable.swift; sourceTree = "<group>"; };
		F6CF34B526D7E576003B52CD /* HoorayReactionsTable.swift */ = {isa = PBXFileReference; lastKnownFileType = sourcecode.swift; path = HoorayReactionsTable.swift; sourceTree = "<group>"; };
		F6D401B0268223C6003647C3 /* MemberTable.swift */ = {isa = PBXFileReference; lastKnownFileType = sourcecode.swift; path = MemberTable.swift; sourceTree = "<group>"; };
		F6D401B2268224C8003647C3 /* ImageSourceTable.swift */ = {isa = PBXFileReference; lastKnownFileType = sourcecode.swift; path = ImageSourceTable.swift; sourceTree = "<group>"; };
/* End PBXFileReference section */

/* Begin PBXFrameworksBuildPhase section */
		2BF00BDC262B7E1300E235C0 /* Frameworks */ = {
			isa = PBXFrameworksBuildPhase;
			buildActionMask = 2147483647;
			files = (
				F660B8EF26747B1E004FB42E /* Alamofire in Frameworks */,
				F66BB88F2684F64F00B46A99 /* KeychainSwift in Frameworks */,
				2BD54F63263D4C29004B3EB0 /* Domain.framework in Frameworks */,
				2BA4070626315F21000CC122 /* Common3rdParty.framework in Frameworks */,
				F6F0088B26E3A09B00944DB9 /* SQLiteService in Frameworks */,
			);
			runOnlyForDeploymentPostprocessing = 0;
		};
		2BF00BE5262B7E1300E235C0 /* Frameworks */ = {
			isa = PBXFrameworksBuildPhase;
			buildActionMask = 2147483647;
			files = (
				2BD54F69263D4C3D004B3EB0 /* Common3rdParty.framework in Frameworks */,
				2BD54F67263D4C33004B3EB0 /* UnitTestHelpKit.framework in Frameworks */,
				2BF00BE9262B7E1300E235C0 /* DataStore.framework in Frameworks */,
			);
			runOnlyForDeploymentPostprocessing = 0;
		};
/* End PBXFrameworksBuildPhase section */

/* Begin PBXGroup section */
		2B7157012642A5E900D0C186 /* HttpAPI */ = {
			isa = PBXGroup;
			children = (
				2B7157022642A60500D0C186 /* HttpAPIEndPoints.swift */,
				2B074A892642AD5D00C94E71 /* HttpAPI.swift */,
			);
			path = HttpAPI;
			sourceTree = "<group>";
		};
		2B9F27642633E5F700FEBCE3 /* Remote */ = {
			isa = PBXGroup;
			children = (
				2B9F276B2633E69200FEBCE3 /* Remote.swift */,
				2B7157012642A5E900D0C186 /* HttpAPI */,
			);
			path = Remote;
			sourceTree = "<group>";
		};
		2B9F27652633E60B00FEBCE3 /* Local */ = {
			isa = PBXGroup;
			children = (
				2B9F27712633E77900FEBCE3 /* LocalStorage.swift */,
				F625EDC426821DB4000C87F0 /* LocalStorageImple+Auth.swift */,
				F625EDC626821E3B000C87F0 /* LocalStorageImple+Member.swift */,
				F625EDC826821E4E000C87F0 /* LocalStorageImple+Tag.swift */,
				F625EDCA26821E63000C87F0 /* LocalStorageImple+Place.swift */,
				F625EDCC26821E75000C87F0 /* LocalStorageImple+Hooray.swift */,
				2B9F27772633E79800FEBCE3 /* Storages+Implements */,
			);
			path = Local;
			sourceTree = "<group>";
		};
		2B9F27772633E79800FEBCE3 /* Storages+Implements */ = {
			isa = PBXGroup;
			children = (
				2B9F27782633E7AB00FEBCE3 /* EnvironmentStorage.swift */,
				2B9F277C2633E7D500FEBCE3 /* EncryptedStorage.swift */,
				F625EDCE26821F9D000C87F0 /* DataModelStorage.swift */,
				F66BB8922686EF2D00B46A99 /* SQLite */,
			);
			path = "Storages+Implements";
			sourceTree = "<group>";
		};
		2BA406CA26315E48000CC122 /* Frameworks */ = {
			isa = PBXGroup;
			children = (
				2BD54F68263D4C3D004B3EB0 /* Common3rdParty.framework */,
				2BD54F66263D4C33004B3EB0 /* UnitTestHelpKit.framework */,
				2BD54F62263D4C29004B3EB0 /* Domain.framework */,
				2BA4071326315F5F000CC122 /* Common3rdParty.framework */,
				2BA4070526315F21000CC122 /* Common3rdParty.framework */,
				2BA406CB26315E48000CC122 /* Common3rdParty.framework */,
			);
			name = Frameworks;
			sourceTree = "<group>";
		};
		2BD54F6A263D4C4B004B3EB0 /* Repository+Implements */ = {
			isa = PBXGroup;
			children = (
				2BD54F6B263D4C67004B3EB0 /* RepositoryImple+Auth.swift */,
				F633212626557873000D7456 /* RepositoryImple+Member.swift */,
				2BABA28C26429FAA007E2D1E /* RepositoryImple+Place.swift */,
				F6A72A3C26483C8A006BE4BD /* RepositoryImple+Tags.swift */,
				F67848D02650F2420074C344 /* RepositoryImple+Hooray.swift */,
			);
			path = "Repository+Implements";
			sourceTree = "<group>";
		};
		2BD54F72263DB4FD004B3EB0 /* Stub */ = {
			isa = PBXGroup;
			children = (
				2BD54F7C263DB826004B3EB0 /* Dummies.swift */,
				2BD54F76263DB58F004B3EB0 /* MockRemote.swift */,
				2BD54F78263DB59E004B3EB0 /* MockLocal.swift */,
			);
			path = Stub;
			sourceTree = "<group>";
		};
		2BD54F73263DB502004B3EB0 /* Repositories */ = {
			isa = PBXGroup;
			children = (
				2BD54F74263DB51A004B3EB0 /* RepositoryTests+Auth.swift */,
				F633212826557924000D7456 /* RepositoryTests+Member.swift */,
				2BABA28E2642A0E7007E2D1E /* RepositoryTests+Places.swift */,
				F6A72A3E26485FAD006BE4BD /* RepositoryTests+Tag.swift */,
				F67848D22650F4980074C344 /* RepositoryTests+Hooray.swift */,
			);
			path = Repositories;
			sourceTree = "<group>";
		};
		2BF00BD5262B7E1300E235C0 = {
			isa = PBXGroup;
			children = (
				2BF00BE1262B7E1300E235C0 /* DataStore */,
				2BF00BEC262B7E1300E235C0 /* DataStoreTests */,
				2BF00BE0262B7E1300E235C0 /* Products */,
				2BA406CA26315E48000CC122 /* Frameworks */,
			);
			sourceTree = "<group>";
		};
		2BF00BE0262B7E1300E235C0 /* Products */ = {
			isa = PBXGroup;
			children = (
				2BF00BDF262B7E1300E235C0 /* DataStore.framework */,
				2BF00BE8262B7E1300E235C0 /* DataStoreTests.xctest */,
			);
			name = Products;
			sourceTree = "<group>";
		};
		2BF00BE1262B7E1300E235C0 /* DataStore */ = {
			isa = PBXGroup;
			children = (
				2BD54F6A263D4C4B004B3EB0 /* Repository+Implements */,
				2B9F27642633E5F700FEBCE3 /* Remote */,
				2B9F27652633E60B00FEBCE3 /* Local */,
				2BF00BE2262B7E1300E235C0 /* DataStore.h */,
				2BF00BE3262B7E1300E235C0 /* Info.plist */,
			);
			path = DataStore;
			sourceTree = "<group>";
		};
		2BF00BEC262B7E1300E235C0 /* DataStoreTests */ = {
			isa = PBXGroup;
			children = (
				F6419BF426822F9B00C7919B /* Local */,
				2BD54F72263DB4FD004B3EB0 /* Stub */,
				2BD54F73263DB502004B3EB0 /* Repositories */,
				2BF00BED262B7E1300E235C0 /* DataStoreTests.swift */,
				2BF00BEF262B7E1300E235C0 /* Info.plist */,
			);
			path = DataStoreTests;
			sourceTree = "<group>";
		};
		F6419BF426822F9B00C7919B /* Local */ = {
			isa = PBXGroup;
			children = (
				F66BB8902686E7F400B46A99 /* BaseLocalStorageTests.swift */,
				F6419BF526822FB000C7919B /* LocalStorageTests+Auth&Member.swift */,
				F62202B92698918700B26B50 /* LocalStorageTests+Place.swift */,
				F6CF34AF26D7DC6B003B52CD /* LocalStorageTests+Hooray.swift */,
			);
			path = Local;
			sourceTree = "<group>";
		};
		F66BB8922686EF2D00B46A99 /* SQLite */ = {
			isa = PBXGroup;
			children = (
				F66BB8932686EF3E00B46A99 /* SQLiteStorage+Extension.swift */,
				F6D401AF268223B1003647C3 /* Tables */,
			);
			path = SQLite;
			sourceTree = "<group>";
		};
		F6D401AF268223B1003647C3 /* Tables */ = {
			isa = PBXGroup;
			children = (
				F6D401B0268223C6003647C3 /* MemberTable.swift */,
				F6D401B2268224C8003647C3 /* ImageSourceTable.swift */,
				F63D29F7269AE7DD007580E2 /* PlaceInfoTable.swift */,
				F63D29F9269C906D007580E2 /* TagTable.swift */,
				F6CF34B126D7E55C003B52CD /* HoorayTable.swift */,
				F6CF34B326D7E56E003B52CD /* HoorayAckUserTable.swift */,
				F6CF34B526D7E576003B52CD /* HoorayReactionsTable.swift */,
				F66C133026E3AEBC00940CF3 /* MemberThumbnailTable.swift */,
			);
			path = Tables;
			sourceTree = "<group>";
		};
/* End PBXGroup section */

/* Begin PBXHeadersBuildPhase section */
		2BF00BDA262B7E1300E235C0 /* Headers */ = {
			isa = PBXHeadersBuildPhase;
			buildActionMask = 2147483647;
			files = (
				2BF00BF0262B7E1300E235C0 /* DataStore.h in Headers */,
			);
			runOnlyForDeploymentPostprocessing = 0;
		};
/* End PBXHeadersBuildPhase section */

/* Begin PBXNativeTarget section */
		2BF00BDE262B7E1300E235C0 /* DataStore */ = {
			isa = PBXNativeTarget;
			buildConfigurationList = 2BF00BF3262B7E1300E235C0 /* Build configuration list for PBXNativeTarget "DataStore" */;
			buildPhases = (
				2BF00BDA262B7E1300E235C0 /* Headers */,
				2BF00BDB262B7E1300E235C0 /* Sources */,
				2BF00BDC262B7E1300E235C0 /* Frameworks */,
				2BF00BDD262B7E1300E235C0 /* Resources */,
			);
			buildRules = (
			);
			dependencies = (
			);
			name = DataStore;
			packageProductDependencies = (
				F660B8EE26747B1E004FB42E /* Alamofire */,
				F66BB88E2684F64F00B46A99 /* KeychainSwift */,
				F6F0088A26E3A09B00944DB9 /* SQLiteService */,
			);
			productName = DataStore;
			productReference = 2BF00BDF262B7E1300E235C0 /* DataStore.framework */;
			productType = "com.apple.product-type.framework";
		};
		2BF00BE7262B7E1300E235C0 /* DataStoreTests */ = {
			isa = PBXNativeTarget;
			buildConfigurationList = 2BF00BF6262B7E1300E235C0 /* Build configuration list for PBXNativeTarget "DataStoreTests" */;
			buildPhases = (
				2BF00BE4262B7E1300E235C0 /* Sources */,
				2BF00BE5262B7E1300E235C0 /* Frameworks */,
				2BF00BE6262B7E1300E235C0 /* Resources */,
			);
			buildRules = (
			);
			dependencies = (
				2BF00BEB262B7E1300E235C0 /* PBXTargetDependency */,
			);
			name = DataStoreTests;
			productName = DataStoreTests;
			productReference = 2BF00BE8262B7E1300E235C0 /* DataStoreTests.xctest */;
			productType = "com.apple.product-type.bundle.unit-test";
		};
/* End PBXNativeTarget section */

/* Begin PBXProject section */
		2BF00BD6262B7E1300E235C0 /* Project object */ = {
			isa = PBXProject;
			attributes = {
				LastSwiftUpdateCheck = 1170;
				LastUpgradeCheck = 1170;
				ORGANIZATIONNAME = ParkHyunsoo;
				TargetAttributes = {
					2BF00BDE262B7E1300E235C0 = {
						CreatedOnToolsVersion = 11.7;
						LastSwiftMigration = 1240;
					};
					2BF00BE7262B7E1300E235C0 = {
						CreatedOnToolsVersion = 11.7;
					};
				};
			};
			buildConfigurationList = 2BF00BD9262B7E1300E235C0 /* Build configuration list for PBXProject "DataStore" */;
			compatibilityVersion = "Xcode 9.3";
			developmentRegion = en;
			hasScannedForEncodings = 0;
			knownRegions = (
				en,
				Base,
			);
			mainGroup = 2BF00BD5262B7E1300E235C0;
			packageReferences = (
				F660B8ED26747B1E004FB42E /* XCRemoteSwiftPackageReference "Alamofire" */,
				F66BB88D2684F64F00B46A99 /* XCRemoteSwiftPackageReference "keychain-swift" */,
				F6F0088926E3A09B00944DB9 /* XCRemoteSwiftPackageReference "SQLiteService" */,
			);
			productRefGroup = 2BF00BE0262B7E1300E235C0 /* Products */;
			projectDirPath = "";
			projectRoot = "";
			targets = (
				2BF00BDE262B7E1300E235C0 /* DataStore */,
				2BF00BE7262B7E1300E235C0 /* DataStoreTests */,
			);
		};
/* End PBXProject section */

/* Begin PBXResourcesBuildPhase section */
		2BF00BDD262B7E1300E235C0 /* Resources */ = {
			isa = PBXResourcesBuildPhase;
			buildActionMask = 2147483647;
			files = (
			);
			runOnlyForDeploymentPostprocessing = 0;
		};
		2BF00BE6262B7E1300E235C0 /* Resources */ = {
			isa = PBXResourcesBuildPhase;
			buildActionMask = 2147483647;
			files = (
			);
			runOnlyForDeploymentPostprocessing = 0;
		};
/* End PBXResourcesBuildPhase section */

/* Begin PBXSourcesBuildPhase section */
		2BF00BDB262B7E1300E235C0 /* Sources */ = {
			isa = PBXSourcesBuildPhase;
			buildActionMask = 2147483647;
			files = (
				F6D401B1268223C6003647C3 /* MemberTable.swift in Sources */,
				F6A72A3D26483C8A006BE4BD /* RepositoryImple+Tags.swift in Sources */,
				F625EDCF26821F9D000C87F0 /* DataModelStorage.swift in Sources */,
				2B9F27792633E7AB00FEBCE3 /* EnvironmentStorage.swift in Sources */,
				2B9F277D2633E7D500FEBCE3 /* EncryptedStorage.swift in Sources */,
				F633212726557873000D7456 /* RepositoryImple+Member.swift in Sources */,
				F63D29FA269C906D007580E2 /* TagTable.swift in Sources */,
				F6CF34B226D7E55C003B52CD /* HoorayTable.swift in Sources */,
				F63D29F8269AE7DD007580E2 /* PlaceInfoTable.swift in Sources */,
				2BD54F6C263D4C67004B3EB0 /* RepositoryImple+Auth.swift in Sources */,
				F625EDC926821E4E000C87F0 /* LocalStorageImple+Tag.swift in Sources */,
				F6CF34B426D7E56E003B52CD /* HoorayAckUserTable.swift in Sources */,
				2B7157032642A60500D0C186 /* HttpAPIEndPoints.swift in Sources */,
				2B074A8A2642AD5D00C94E71 /* HttpAPI.swift in Sources */,
				F6CF34B626D7E576003B52CD /* HoorayReactionsTable.swift in Sources */,
				2B9F27722633E77900FEBCE3 /* LocalStorage.swift in Sources */,
				F625EDC726821E3B000C87F0 /* LocalStorageImple+Member.swift in Sources */,
				F625EDCD26821E75000C87F0 /* LocalStorageImple+Hooray.swift in Sources */,
				F625EDC526821DB4000C87F0 /* LocalStorageImple+Auth.swift in Sources */,
				2B9F276C2633E69200FEBCE3 /* Remote.swift in Sources */,
				F66BB8942686EF3E00B46A99 /* SQLiteStorage+Extension.swift in Sources */,
				F66C133126E3AEBC00940CF3 /* MemberThumbnailTable.swift in Sources */,
				2BABA28D26429FAA007E2D1E /* RepositoryImple+Place.swift in Sources */,
				F6D401B3268224C8003647C3 /* ImageSourceTable.swift in Sources */,
				F67848D12650F2420074C344 /* RepositoryImple+Hooray.swift in Sources */,
				F625EDCB26821E63000C87F0 /* LocalStorageImple+Place.swift in Sources */,
			);
			runOnlyForDeploymentPostprocessing = 0;
		};
		2BF00BE4262B7E1300E235C0 /* Sources */ = {
			isa = PBXSourcesBuildPhase;
			buildActionMask = 2147483647;
			files = (
				F633212926557924000D7456 /* RepositoryTests+Member.swift in Sources */,
				F6A72A3F26485FAD006BE4BD /* RepositoryTests+Tag.swift in Sources */,
				F67848D32650F4980074C344 /* RepositoryTests+Hooray.swift in Sources */,
				2BD54F77263DB58F004B3EB0 /* MockRemote.swift in Sources */,
				F66BB8912686E7F400B46A99 /* BaseLocalStorageTests.swift in Sources */,
				2BD54F7D263DB826004B3EB0 /* Dummies.swift in Sources */,
				2BF00BEE262B7E1300E235C0 /* DataStoreTests.swift in Sources */,
				F62202BA2698918700B26B50 /* LocalStorageTests+Place.swift in Sources */,
				2BABA28F2642A0E7007E2D1E /* RepositoryTests+Places.swift in Sources */,
				2BD54F75263DB51A004B3EB0 /* RepositoryTests+Auth.swift in Sources */,
				2BD54F79263DB59E004B3EB0 /* MockLocal.swift in Sources */,
				F6CF34B026D7DC6B003B52CD /* LocalStorageTests+Hooray.swift in Sources */,
				F6419BF626822FB000C7919B /* LocalStorageTests+Auth&Member.swift in Sources */,
			);
			runOnlyForDeploymentPostprocessing = 0;
		};
/* End PBXSourcesBuildPhase section */

/* Begin PBXTargetDependency section */
		2BF00BEB262B7E1300E235C0 /* PBXTargetDependency */ = {
			isa = PBXTargetDependency;
			target = 2BF00BDE262B7E1300E235C0 /* DataStore */;
			targetProxy = 2BF00BEA262B7E1300E235C0 /* PBXContainerItemProxy */;
		};
/* End PBXTargetDependency section */

/* Begin XCBuildConfiguration section */
		2BF00BF1262B7E1300E235C0 /* Debug */ = {
			isa = XCBuildConfiguration;
			buildSettings = {
				ALWAYS_SEARCH_USER_PATHS = NO;
				CLANG_ANALYZER_NONNULL = YES;
				CLANG_ANALYZER_NUMBER_OBJECT_CONVERSION = YES_AGGRESSIVE;
				CLANG_CXX_LANGUAGE_STANDARD = "gnu++14";
				CLANG_CXX_LIBRARY = "libc++";
				CLANG_ENABLE_MODULES = YES;
				CLANG_ENABLE_OBJC_ARC = YES;
				CLANG_ENABLE_OBJC_WEAK = YES;
				CLANG_WARN_BLOCK_CAPTURE_AUTORELEASING = YES;
				CLANG_WARN_BOOL_CONVERSION = YES;
				CLANG_WARN_COMMA = YES;
				CLANG_WARN_CONSTANT_CONVERSION = YES;
				CLANG_WARN_DEPRECATED_OBJC_IMPLEMENTATIONS = YES;
				CLANG_WARN_DIRECT_OBJC_ISA_USAGE = YES_ERROR;
				CLANG_WARN_DOCUMENTATION_COMMENTS = YES;
				CLANG_WARN_EMPTY_BODY = YES;
				CLANG_WARN_ENUM_CONVERSION = YES;
				CLANG_WARN_INFINITE_RECURSION = YES;
				CLANG_WARN_INT_CONVERSION = YES;
				CLANG_WARN_NON_LITERAL_NULL_CONVERSION = YES;
				CLANG_WARN_OBJC_IMPLICIT_RETAIN_SELF = YES;
				CLANG_WARN_OBJC_LITERAL_CONVERSION = YES;
				CLANG_WARN_OBJC_ROOT_CLASS = YES_ERROR;
				CLANG_WARN_RANGE_LOOP_ANALYSIS = YES;
				CLANG_WARN_STRICT_PROTOTYPES = YES;
				CLANG_WARN_SUSPICIOUS_MOVE = YES;
				CLANG_WARN_UNGUARDED_AVAILABILITY = YES_AGGRESSIVE;
				CLANG_WARN_UNREACHABLE_CODE = YES;
				CLANG_WARN__DUPLICATE_METHOD_MATCH = YES;
				COPY_PHASE_STRIP = NO;
				CURRENT_PROJECT_VERSION = 1;
				DEBUG_INFORMATION_FORMAT = dwarf;
				ENABLE_STRICT_OBJC_MSGSEND = YES;
				ENABLE_TESTABILITY = YES;
				GCC_C_LANGUAGE_STANDARD = gnu11;
				GCC_DYNAMIC_NO_PIC = NO;
				GCC_NO_COMMON_BLOCKS = YES;
				GCC_OPTIMIZATION_LEVEL = 0;
				GCC_PREPROCESSOR_DEFINITIONS = (
					"DEBUG=1",
					"$(inherited)",
				);
				GCC_WARN_64_TO_32_BIT_CONVERSION = YES;
				GCC_WARN_ABOUT_RETURN_TYPE = YES_ERROR;
				GCC_WARN_UNDECLARED_SELECTOR = YES;
				GCC_WARN_UNINITIALIZED_AUTOS = YES_AGGRESSIVE;
				GCC_WARN_UNUSED_FUNCTION = YES;
				GCC_WARN_UNUSED_VARIABLE = YES;
				IPHONEOS_DEPLOYMENT_TARGET = 12.1;
				MTL_ENABLE_DEBUG_INFO = INCLUDE_SOURCE;
				MTL_FAST_MATH = YES;
				ONLY_ACTIVE_ARCH = YES;
				SDKROOT = iphoneos;
				SWIFT_ACTIVE_COMPILATION_CONDITIONS = DEBUG;
				SWIFT_OPTIMIZATION_LEVEL = "-Onone";
				VERSIONING_SYSTEM = "apple-generic";
				VERSION_INFO_PREFIX = "";
			};
			name = Debug;
		};
		2BF00BF2262B7E1300E235C0 /* Release */ = {
			isa = XCBuildConfiguration;
			buildSettings = {
				ALWAYS_SEARCH_USER_PATHS = NO;
				CLANG_ANALYZER_NONNULL = YES;
				CLANG_ANALYZER_NUMBER_OBJECT_CONVERSION = YES_AGGRESSIVE;
				CLANG_CXX_LANGUAGE_STANDARD = "gnu++14";
				CLANG_CXX_LIBRARY = "libc++";
				CLANG_ENABLE_MODULES = YES;
				CLANG_ENABLE_OBJC_ARC = YES;
				CLANG_ENABLE_OBJC_WEAK = YES;
				CLANG_WARN_BLOCK_CAPTURE_AUTORELEASING = YES;
				CLANG_WARN_BOOL_CONVERSION = YES;
				CLANG_WARN_COMMA = YES;
				CLANG_WARN_CONSTANT_CONVERSION = YES;
				CLANG_WARN_DEPRECATED_OBJC_IMPLEMENTATIONS = YES;
				CLANG_WARN_DIRECT_OBJC_ISA_USAGE = YES_ERROR;
				CLANG_WARN_DOCUMENTATION_COMMENTS = YES;
				CLANG_WARN_EMPTY_BODY = YES;
				CLANG_WARN_ENUM_CONVERSION = YES;
				CLANG_WARN_INFINITE_RECURSION = YES;
				CLANG_WARN_INT_CONVERSION = YES;
				CLANG_WARN_NON_LITERAL_NULL_CONVERSION = YES;
				CLANG_WARN_OBJC_IMPLICIT_RETAIN_SELF = YES;
				CLANG_WARN_OBJC_LITERAL_CONVERSION = YES;
				CLANG_WARN_OBJC_ROOT_CLASS = YES_ERROR;
				CLANG_WARN_RANGE_LOOP_ANALYSIS = YES;
				CLANG_WARN_STRICT_PROTOTYPES = YES;
				CLANG_WARN_SUSPICIOUS_MOVE = YES;
				CLANG_WARN_UNGUARDED_AVAILABILITY = YES_AGGRESSIVE;
				CLANG_WARN_UNREACHABLE_CODE = YES;
				CLANG_WARN__DUPLICATE_METHOD_MATCH = YES;
				COPY_PHASE_STRIP = NO;
				CURRENT_PROJECT_VERSION = 1;
				DEBUG_INFORMATION_FORMAT = "dwarf-with-dsym";
				ENABLE_NS_ASSERTIONS = NO;
				ENABLE_STRICT_OBJC_MSGSEND = YES;
				GCC_C_LANGUAGE_STANDARD = gnu11;
				GCC_NO_COMMON_BLOCKS = YES;
				GCC_WARN_64_TO_32_BIT_CONVERSION = YES;
				GCC_WARN_ABOUT_RETURN_TYPE = YES_ERROR;
				GCC_WARN_UNDECLARED_SELECTOR = YES;
				GCC_WARN_UNINITIALIZED_AUTOS = YES_AGGRESSIVE;
				GCC_WARN_UNUSED_FUNCTION = YES;
				GCC_WARN_UNUSED_VARIABLE = YES;
				IPHONEOS_DEPLOYMENT_TARGET = 12.1;
				MTL_ENABLE_DEBUG_INFO = NO;
				MTL_FAST_MATH = YES;
				SDKROOT = iphoneos;
				SWIFT_COMPILATION_MODE = wholemodule;
				SWIFT_OPTIMIZATION_LEVEL = "-O";
				VALIDATE_PRODUCT = YES;
				VERSIONING_SYSTEM = "apple-generic";
				VERSION_INFO_PREFIX = "";
			};
			name = Release;
		};
		2BF00BF4262B7E1300E235C0 /* Debug */ = {
			isa = XCBuildConfiguration;
			buildSettings = {
				CLANG_ENABLE_MODULES = YES;
				CODE_SIGN_STYLE = Automatic;
				DEFINES_MODULE = YES;
				DEVELOPMENT_TEAM = 2ABNASUGL6;
				DYLIB_COMPATIBILITY_VERSION = 1;
				DYLIB_CURRENT_VERSION = 1;
				DYLIB_INSTALL_NAME_BASE = "@rpath";
				INFOPLIST_FILE = DataStore/Info.plist;
				INSTALL_PATH = "$(LOCAL_LIBRARY_DIR)/Frameworks";
				LD_RUNPATH_SEARCH_PATHS = (
					"$(inherited)",
					"@executable_path/Frameworks",
					"@loader_path/Frameworks",
				);
				PRODUCT_BUNDLE_IDENTIFIER = com.sudo.park.DataStore;
				PRODUCT_NAME = "$(TARGET_NAME:c99extidentifier)";
				SKIP_INSTALL = YES;
				SWIFT_OPTIMIZATION_LEVEL = "-Onone";
				SWIFT_VERSION = 5.0;
				TARGETED_DEVICE_FAMILY = "1,2";
			};
			name = Debug;
		};
		2BF00BF5262B7E1300E235C0 /* Release */ = {
			isa = XCBuildConfiguration;
			buildSettings = {
				CLANG_ENABLE_MODULES = YES;
				CODE_SIGN_STYLE = Automatic;
				DEFINES_MODULE = YES;
				DEVELOPMENT_TEAM = 2ABNASUGL6;
				DYLIB_COMPATIBILITY_VERSION = 1;
				DYLIB_CURRENT_VERSION = 1;
				DYLIB_INSTALL_NAME_BASE = "@rpath";
				INFOPLIST_FILE = DataStore/Info.plist;
				INSTALL_PATH = "$(LOCAL_LIBRARY_DIR)/Frameworks";
				LD_RUNPATH_SEARCH_PATHS = (
					"$(inherited)",
					"@executable_path/Frameworks",
					"@loader_path/Frameworks",
				);
				PRODUCT_BUNDLE_IDENTIFIER = com.sudo.park.DataStore;
				PRODUCT_NAME = "$(TARGET_NAME:c99extidentifier)";
				SKIP_INSTALL = YES;
				SWIFT_VERSION = 5.0;
				TARGETED_DEVICE_FAMILY = "1,2";
			};
			name = Release;
		};
		2BF00BF7262B7E1300E235C0 /* Debug */ = {
			isa = XCBuildConfiguration;
			buildSettings = {
				ALWAYS_EMBED_SWIFT_STANDARD_LIBRARIES = YES;
				CODE_SIGN_STYLE = Automatic;
				DEVELOPMENT_TEAM = 2ABNASUGL6;
				INFOPLIST_FILE = DataStoreTests/Info.plist;
				LD_RUNPATH_SEARCH_PATHS = (
					"$(inherited)",
					"@executable_path/Frameworks",
					"@loader_path/Frameworks",
				);
				PRODUCT_BUNDLE_IDENTIFIER = com.sudo.park.DataStoreTests;
				PRODUCT_NAME = "$(TARGET_NAME)";
				SWIFT_VERSION = 5.0;
				TARGETED_DEVICE_FAMILY = "1,2";
			};
			name = Debug;
		};
		2BF00BF8262B7E1300E235C0 /* Release */ = {
			isa = XCBuildConfiguration;
			buildSettings = {
				ALWAYS_EMBED_SWIFT_STANDARD_LIBRARIES = YES;
				CODE_SIGN_STYLE = Automatic;
				DEVELOPMENT_TEAM = 2ABNASUGL6;
				INFOPLIST_FILE = DataStoreTests/Info.plist;
				LD_RUNPATH_SEARCH_PATHS = (
					"$(inherited)",
					"@executable_path/Frameworks",
					"@loader_path/Frameworks",
				);
				PRODUCT_BUNDLE_IDENTIFIER = com.sudo.park.DataStoreTests;
				PRODUCT_NAME = "$(TARGET_NAME)";
				SWIFT_VERSION = 5.0;
				TARGETED_DEVICE_FAMILY = "1,2";
			};
			name = Release;
		};
/* End XCBuildConfiguration section */

/* Begin XCConfigurationList section */
		2BF00BD9262B7E1300E235C0 /* Build configuration list for PBXProject "DataStore" */ = {
			isa = XCConfigurationList;
			buildConfigurations = (
				2BF00BF1262B7E1300E235C0 /* Debug */,
				2BF00BF2262B7E1300E235C0 /* Release */,
			);
			defaultConfigurationIsVisible = 0;
			defaultConfigurationName = Release;
		};
		2BF00BF3262B7E1300E235C0 /* Build configuration list for PBXNativeTarget "DataStore" */ = {
			isa = XCConfigurationList;
			buildConfigurations = (
				2BF00BF4262B7E1300E235C0 /* Debug */,
				2BF00BF5262B7E1300E235C0 /* Release */,
			);
			defaultConfigurationIsVisible = 0;
			defaultConfigurationName = Release;
		};
		2BF00BF6262B7E1300E235C0 /* Build configuration list for PBXNativeTarget "DataStoreTests" */ = {
			isa = XCConfigurationList;
			buildConfigurations = (
				2BF00BF7262B7E1300E235C0 /* Debug */,
				2BF00BF8262B7E1300E235C0 /* Release */,
			);
			defaultConfigurationIsVisible = 0;
			defaultConfigurationName = Release;
		};
/* End XCConfigurationList section */

/* Begin XCRemoteSwiftPackageReference section */
		F660B8ED26747B1E004FB42E /* XCRemoteSwiftPackageReference "Alamofire" */ = {
			isa = XCRemoteSwiftPackageReference;
			repositoryURL = "https://github.com/Alamofire/Alamofire";
			requirement = {
				kind = upToNextMajorVersion;
				minimumVersion = 5.4.3;
			};
		};
		F66BB88D2684F64F00B46A99 /* XCRemoteSwiftPackageReference "keychain-swift" */ = {
			isa = XCRemoteSwiftPackageReference;
			repositoryURL = "https://github.com/evgenyneu/keychain-swift.git";
			requirement = {
				kind = upToNextMajorVersion;
				minimumVersion = 19.0.0;
			};
		};
		F6F0088926E3A09B00944DB9 /* XCRemoteSwiftPackageReference "SQLiteService" */ = {
			isa = XCRemoteSwiftPackageReference;
			repositoryURL = "https://github.com/sudopark/SQLiteService.git";
			requirement = {
				kind = upToNextMajorVersion;
				minimumVersion = 0.1.5;
			};
		};
/* End XCRemoteSwiftPackageReference section */

/* Begin XCSwiftPackageProductDependency section */
		F660B8EE26747B1E004FB42E /* Alamofire */ = {
			isa = XCSwiftPackageProductDependency;
			package = F660B8ED26747B1E004FB42E /* XCRemoteSwiftPackageReference "Alamofire" */;
			productName = Alamofire;
		};
		F66BB88E2684F64F00B46A99 /* KeychainSwift */ = {
			isa = XCSwiftPackageProductDependency;
			package = F66BB88D2684F64F00B46A99 /* XCRemoteSwiftPackageReference "keychain-swift" */;
			productName = KeychainSwift;
		};
		F6F0088A26E3A09B00944DB9 /* SQLiteService */ = {
			isa = XCSwiftPackageProductDependency;
			package = F6F0088926E3A09B00944DB9 /* XCRemoteSwiftPackageReference "SQLiteService" */;
			productName = SQLiteService;
		};
/* End XCSwiftPackageProductDependency section */
	};
	rootObject = 2BF00BD6262B7E1300E235C0 /* Project object */;
}
