// !$*UTF8*$!
{
	archiveVersion = 1;
	classes = {
	};
	objectVersion = 52;
	objects = {

/* Begin PBXBuildFile section */
		2B39E17926386CED003EE954 /* FirebaseService.framework in Frameworks */ = {isa = PBXBuildFile; fileRef = 2B39E16F26386CEC003EE954 /* FirebaseService.framework */; };
		2B39E18026386CED003EE954 /* FirebaseService.h in Headers */ = {isa = PBXBuildFile; fileRef = 2B39E17226386CEC003EE954 /* FirebaseService.h */; settings = {ATTRIBUTES = (Public, ); }; };
		2B39E2002638708D003EE954 /* FirebaseService.swift in Sources */ = {isa = PBXBuildFile; fileRef = 2B39E1FF2638708D003EE954 /* FirebaseService.swift */; };
		2B8AC38D263BB167002BA1AC /* Firebase.h in Headers */ = {isa = PBXBuildFile; fileRef = 2B8AC38C263BB167002BA1AC /* Firebase.h */; settings = {ATTRIBUTES = (Public, ); }; };
		2B8AC3DD263BB229002BA1AC /* FirebaseFirestore.xcframework in Frameworks */ = {isa = PBXBuildFile; fileRef = 2B8AC3C2263BB229002BA1AC /* FirebaseFirestore.xcframework */; };
		2B8AC3DE263BB229002BA1AC /* gRPC-Core.xcframework in Frameworks */ = {isa = PBXBuildFile; fileRef = 2B8AC3C3263BB229002BA1AC /* gRPC-Core.xcframework */; };
		2B8AC3DF263BB229002BA1AC /* gRPCCertificates-Cpp.bundle in Resources */ = {isa = PBXBuildFile; fileRef = 2B8AC3C5263BB229002BA1AC /* gRPCCertificates-Cpp.bundle */; };
		2B8AC3E0263BB229002BA1AC /* leveldb-library.xcframework in Frameworks */ = {isa = PBXBuildFile; fileRef = 2B8AC3C6263BB229002BA1AC /* leveldb-library.xcframework */; };
		2B8AC3E1263BB229002BA1AC /* gRPC-C++.xcframework in Frameworks */ = {isa = PBXBuildFile; fileRef = 2B8AC3C7263BB229002BA1AC /* gRPC-C++.xcframework */; };
		2B8AC3E2263BB229002BA1AC /* BoringSSL-GRPC.xcframework in Frameworks */ = {isa = PBXBuildFile; fileRef = 2B8AC3C8263BB229002BA1AC /* BoringSSL-GRPC.xcframework */; };
		2B8AC3E3263BB229002BA1AC /* abseil.xcframework in Frameworks */ = {isa = PBXBuildFile; fileRef = 2B8AC3C9263BB229002BA1AC /* abseil.xcframework */; };
		2B8AC3E4263BB229002BA1AC /* FirebaseAuth.xcframework in Frameworks */ = {isa = PBXBuildFile; fileRef = 2B8AC3CB263BB229002BA1AC /* FirebaseAuth.xcframework */; };
		2B8AC3E5263BB229002BA1AC /* GTMSessionFetcher.xcframework in Frameworks */ = {isa = PBXBuildFile; fileRef = 2B8AC3CC263BB229002BA1AC /* GTMSessionFetcher.xcframework */; };
		2B8AC3E6263BB229002BA1AC /* nanopb.xcframework in Frameworks */ = {isa = PBXBuildFile; fileRef = 2B8AC3CE263BB229002BA1AC /* nanopb.xcframework */; };
		2B8AC3E7263BB229002BA1AC /* PromisesObjC.xcframework in Frameworks */ = {isa = PBXBuildFile; fileRef = 2B8AC3CF263BB229002BA1AC /* PromisesObjC.xcframework */; };
		2B8AC3E8263BB229002BA1AC /* FirebaseAnalytics.xcframework in Frameworks */ = {isa = PBXBuildFile; fileRef = 2B8AC3D0263BB229002BA1AC /* FirebaseAnalytics.xcframework */; };
		2B8AC3E9263BB229002BA1AC /* FirebaseCoreDiagnostics.xcframework in Frameworks */ = {isa = PBXBuildFile; fileRef = 2B8AC3D1263BB229002BA1AC /* FirebaseCoreDiagnostics.xcframework */; };
		2B8AC3EA263BB229002BA1AC /* FirebaseInstallations.xcframework in Frameworks */ = {isa = PBXBuildFile; fileRef = 2B8AC3D2263BB229002BA1AC /* FirebaseInstallations.xcframework */; };
		2B8AC3EB263BB229002BA1AC /* FirebaseCore.xcframework in Frameworks */ = {isa = PBXBuildFile; fileRef = 2B8AC3D3263BB229002BA1AC /* FirebaseCore.xcframework */; };
		2B8AC3EC263BB229002BA1AC /* GoogleDataTransport.xcframework in Frameworks */ = {isa = PBXBuildFile; fileRef = 2B8AC3D4263BB229002BA1AC /* GoogleDataTransport.xcframework */; };
		2B8AC3ED263BB229002BA1AC /* GoogleAppMeasurement.xcframework in Frameworks */ = {isa = PBXBuildFile; fileRef = 2B8AC3D5263BB229002BA1AC /* GoogleAppMeasurement.xcframework */; };
		2B8AC3EE263BB229002BA1AC /* GoogleUtilities.xcframework in Frameworks */ = {isa = PBXBuildFile; fileRef = 2B8AC3D6263BB229002BA1AC /* GoogleUtilities.xcframework */; };
		2B8AC3EF263BB229002BA1AC /* FirebaseMessaging.xcframework in Frameworks */ = {isa = PBXBuildFile; fileRef = 2B8AC3D8263BB229002BA1AC /* FirebaseMessaging.xcframework */; };
		2B8AC3F1263BB229002BA1AC /* FirebaseStorage.xcframework in Frameworks */ = {isa = PBXBuildFile; fileRef = 2B8AC3DB263BB229002BA1AC /* FirebaseStorage.xcframework */; };
		2B8AC3FD263C57C6002BA1AC /* FirebaseCrashlytics.xcframework in Frameworks */ = {isa = PBXBuildFile; fileRef = 2B8AC3F8263C57C6002BA1AC /* FirebaseCrashlytics.xcframework */; };
		2BD54F58263D4AAE004B3EB0 /* Domain.framework in Frameworks */ = {isa = PBXBuildFile; fileRef = 2BD54F57263D4AAE004B3EB0 /* Domain.framework */; };
		2BD54F5C263D4AB4004B3EB0 /* DataStore.framework in Frameworks */ = {isa = PBXBuildFile; fileRef = 2BD54F5B263D4AB4004B3EB0 /* DataStore.framework */; };
		2BD54F5F263D4B09004B3EB0 /* UnitTestHelpKit.framework in Frameworks */ = {isa = PBXBuildFile; fileRef = 2BD54F5E263D4B09004B3EB0 /* UnitTestHelpKit.framework */; };
		2BD54F61263D4B14004B3EB0 /* Common3rdParty.framework in Frameworks */ = {isa = PBXBuildFile; fileRef = 2BD54F60263D4B14004B3EB0 /* Common3rdParty.framework */; };
		2BD54F71263DB37D004B3EB0 /* AuthRemote+Firebase.swift in Sources */ = {isa = PBXBuildFile; fileRef = 2BD54F70263DB37D004B3EB0 /* AuthRemote+Firebase.swift */; };
		2BD54F83263DCA5E004B3EB0 /* FireStore+Collections.swift in Sources */ = {isa = PBXBuildFile; fileRef = 2BD54F82263DCA5E004B3EB0 /* FireStore+Collections.swift */; };
		2BD54F85263DCBB7004B3EB0 /* JsonMapping.swift in Sources */ = {isa = PBXBuildFile; fileRef = 2BD54F84263DCBB7004B3EB0 /* JsonMapping.swift */; };
		2BD54F87263DD42A004B3EB0 /* Common3rdParty.framework in Frameworks */ = {isa = PBXBuildFile; fileRef = 2BD54F86263DD42A004B3EB0 /* Common3rdParty.framework */; };
		F6078F0A26AD2EC1000B8AA4 /* FCMPayload+Mapping.swift in Sources */ = {isa = PBXBuildFile; fileRef = F6078F0926AD2EC1000B8AA4 /* FCMPayload+Mapping.swift */; };
		F617F10A2768EA1200D88F9C /* HelpRemoteImple+Firebase.swift in Sources */ = {isa = PBXBuildFile; fileRef = F617F1092768EA1200D88F9C /* HelpRemoteImple+Firebase.swift */; };
		F617F10C2768EA4900D88F9C /* Feedback+Mapping.swift in Sources */ = {isa = PBXBuildFile; fileRef = F617F10B2768EA4900D88F9C /* Feedback+Mapping.swift */; };
		F62692B82725629D00841B40 /* ReadLinkMemoRemote+Firebase.swift in Sources */ = {isa = PBXBuildFile; fileRef = F62692B72725629D00841B40 /* ReadLinkMemoRemote+Firebase.swift */; };
		F633212B26557BA8000D7456 /* MemberRemote+Firebase.swift in Sources */ = {isa = PBXBuildFile; fileRef = F633212A26557BA8000D7456 /* MemberRemote+Firebase.swift */; };
		F637206826668BB70089D0B3 /* Storage+Extensions.swift in Sources */ = {isa = PBXBuildFile; fileRef = F637206726668BB70089D0B3 /* Storage+Extensions.swift */; };
		F640618D2735DB4100902787 /* BatchUpload+Firebase.swift in Sources */ = {isa = PBXBuildFile; fileRef = F640618C2735DB4100902787 /* BatchUpload+Firebase.swift */; };
		F64CCB6C265508490007F7C6 /* UserDevices.swift in Sources */ = {isa = PBXBuildFile; fileRef = F64CCB6B265508490007F7C6 /* UserDevices.swift */; };
		F6684DF82647CC1000820368 /* GFGeoHashQuery.h in Headers */ = {isa = PBXBuildFile; fileRef = F6684DEE2647CC0F00820368 /* GFGeoHashQuery.h */; settings = {ATTRIBUTES = (Public, ); }; };
		F6684DF92647CC1000820368 /* GFUtils.h in Headers */ = {isa = PBXBuildFile; fileRef = F6684DEF2647CC0F00820368 /* GFUtils.h */; settings = {ATTRIBUTES = (Public, ); }; };
		F6684DFA2647CC1000820368 /* GFGeoHash.m in Sources */ = {isa = PBXBuildFile; fileRef = F6684DF02647CC0F00820368 /* GFGeoHash.m */; };
		F6684DFB2647CC1000820368 /* GFGeoHashQuery.m in Sources */ = {isa = PBXBuildFile; fileRef = F6684DF12647CC0F00820368 /* GFGeoHashQuery.m */; };
		F6684DFC2647CC1000820368 /* GFGeoQueryBounds.m in Sources */ = {isa = PBXBuildFile; fileRef = F6684DF22647CC0F00820368 /* GFGeoQueryBounds.m */; };
		F6684DFD2647CC1000820368 /* GFBase32Utils.h in Headers */ = {isa = PBXBuildFile; fileRef = F6684DF32647CC0F00820368 /* GFBase32Utils.h */; settings = {ATTRIBUTES = (Public, ); }; };
		F6684DFE2647CC1000820368 /* GFGeoHash.h in Headers */ = {isa = PBXBuildFile; fileRef = F6684DF42647CC0F00820368 /* GFGeoHash.h */; settings = {ATTRIBUTES = (Public, ); }; };
		F6684DFF2647CC1000820368 /* GFGeoQueryBounds.h in Headers */ = {isa = PBXBuildFile; fileRef = F6684DF52647CC1000820368 /* GFGeoQueryBounds.h */; settings = {ATTRIBUTES = (Public, ); }; };
		F6684E002647CC1000820368 /* GFBase32Utils.m in Sources */ = {isa = PBXBuildFile; fileRef = F6684DF62647CC1000820368 /* GFBase32Utils.m */; };
		F6684E012647CC1000820368 /* GFUtils.m in Sources */ = {isa = PBXBuildFile; fileRef = F6684DF72647CC1000820368 /* GFUtils.m */; };
		F6684E042647E33400820368 /* Member+Mapping.swift in Sources */ = {isa = PBXBuildFile; fileRef = F6684E032647E33400820368 /* Member+Mapping.swift */; };
		F6684E062647E38600820368 /* Place+Mapping.swift in Sources */ = {isa = PBXBuildFile; fileRef = F6684E052647E38600820368 /* Place+Mapping.swift */; };
		F66E81412655328000682625 /* MessagingRemote+Firebase.swift in Sources */ = {isa = PBXBuildFile; fileRef = F66E81402655328000682625 /* MessagingRemote+Firebase.swift */; };
		F67848D526510B170074C344 /* HoorayRemote+Firebase.swift in Sources */ = {isa = PBXBuildFile; fileRef = F67848D426510B170074C344 /* HoorayRemote+Firebase.swift */; };
		F67848D726510CB50074C344 /* Hooray+Mapping.swift in Sources */ = {isa = PBXBuildFile; fileRef = F67848D626510CB50074C344 /* Hooray+Mapping.swift */; };
		F67848DA2651229A0074C344 /* DistanceUtills.swift in Sources */ = {isa = PBXBuildFile; fileRef = F67848D92651229A0074C344 /* DistanceUtills.swift */; };
		F67848DC265123D20074C344 /* RemotePolicy.swift in Sources */ = {isa = PBXBuildFile; fileRef = F67848DB265123D20074C344 /* RemotePolicy.swift */; };
		F68B209B26A5D2B200DB30CC /* FCM+Firebase.swift in Sources */ = {isa = PBXBuildFile; fileRef = F68B209A26A5D2B200DB30CC /* FCM+Firebase.swift */; };
		F6A72A4126486C47006BE4BD /* Tag+Mapping.swift in Sources */ = {isa = PBXBuildFile; fileRef = F6A72A4026486C47006BE4BD /* Tag+Mapping.swift */; };
		F6A72A4326486D88006BE4BD /* TagRemote+Firebase.swift in Sources */ = {isa = PBXBuildFile; fileRef = F6A72A4226486D88006BE4BD /* TagRemote+Firebase.swift */; };
		F6A8CE4B271205F100CA6D3D /* ItemCategoryRemote+Firebase.swift in Sources */ = {isa = PBXBuildFile; fileRef = F6A8CE4A271205F100CA6D3D /* ItemCategoryRemote+Firebase.swift */; };
		F6BA7DAD278147CD0020B430 /* GoogleSignIn.bundle in Resources */ = {isa = PBXBuildFile; fileRef = F6BA7DA8278147CD0020B430 /* GoogleSignIn.bundle */; };
		F6BA7DAF278147CD0020B430 /* AppAuth.xcframework in Frameworks */ = {isa = PBXBuildFile; fileRef = F6BA7DAA278147CD0020B430 /* AppAuth.xcframework */; };
		F6BA7DB0278147CD0020B430 /* GTMAppAuth.xcframework in Frameworks */ = {isa = PBXBuildFile; fileRef = F6BA7DAB278147CD0020B430 /* GTMAppAuth.xcframework */; };
		F6BA7DB1278147CD0020B430 /* GoogleSignIn.xcframework in Frameworks */ = {isa = PBXBuildFile; fileRef = F6BA7DAC278147CD0020B430 /* GoogleSignIn.xcframework */; };
		F6BA7DB4278149900020B430 /* GoogleSignInService.swift in Sources */ = {isa = PBXBuildFile; fileRef = F6BA7DB3278149900020B430 /* GoogleSignInService.swift */; };
		F6BA7DC127815C9F0020B430 /* GoogleSignInButtonBuilder.swift in Sources */ = {isa = PBXBuildFile; fileRef = F6BA7DC027815C9F0020B430 /* GoogleSignInButtonBuilder.swift */; };
		F6BD480D2741050800D2B2C9 /* ShareItem+Firebase.swift in Sources */ = {isa = PBXBuildFile; fileRef = F6BD480C2741050800D2B2C9 /* ShareItem+Firebase.swift */; };
		F6BD480F2741065800D2B2C9 /* ShareItem+Mapping.swift in Sources */ = {isa = PBXBuildFile; fileRef = F6BD480E2741065800D2B2C9 /* ShareItem+Mapping.swift */; };
		F6C99B2A273031A000D42A90 /* ReadItem+Mapping.swift in Sources */ = {isa = PBXBuildFile; fileRef = F6C99B29273031A000D42A90 /* ReadItem+Mapping.swift */; };
		F6C99B2C2730356100D42A90 /* ItemCategory+Mapping.swift in Sources */ = {isa = PBXBuildFile; fileRef = F6C99B2B2730356100D42A90 /* ItemCategory+Mapping.swift */; };
		F6C99B2E273035EF00D42A90 /* ReadLinkMemo+Mapping.swift in Sources */ = {isa = PBXBuildFile; fileRef = F6C99B2D273035EF00D42A90 /* ReadLinkMemo+Mapping.swift */; };
		F6C99B312730382600D42A90 /* SuggestIndexes.swift in Sources */ = {isa = PBXBuildFile; fileRef = F6C99B302730382600D42A90 /* SuggestIndexes.swift */; };
		F6CEF8B326F4E8B300061097 /* ReadItemRemote+Firebase.swift in Sources */ = {isa = PBXBuildFile; fileRef = F6CEF8B226F4E8B300061097 /* ReadItemRemote+Firebase.swift */; };
		F6CFA57126444F2500F9A049 /* PlaceRemote+Firebase.swift in Sources */ = {isa = PBXBuildFile; fileRef = F6CFA57026444F2500F9A049 /* PlaceRemote+Firebase.swift */; };
		F6CFA57B264660EA00F9A049 /* MockHttpRemote.swift in Sources */ = {isa = PBXBuildFile; fileRef = F6CFA57A264660EA00F9A049 /* MockHttpRemote.swift */; };
		F6CFA57D2646659F00F9A049 /* FirebaseServiceImpleTests.swift in Sources */ = {isa = PBXBuildFile; fileRef = F6CFA57C2646659F00F9A049 /* FirebaseServiceImpleTests.swift */; };
		F6CFA58226466A8100F9A049 /* SearchPlace.json in Resources */ = {isa = PBXBuildFile; fileRef = F6CFA58126466A8100F9A049 /* SearchPlace.json */; };
		F6E9F78627817A8700FF992F /* FirebaseCrashLogger.swift in Sources */ = {isa = PBXBuildFile; fileRef = F6E9F78527817A8700FF992F /* FirebaseCrashLogger.swift */; };
		F6F35FC12715F934002B9DA8 /* ReadItemOptionRemote+Firebase.swift in Sources */ = {isa = PBXBuildFile; fileRef = F6F35FC02715F934002B9DA8 /* ReadItemOptionRemote+Firebase.swift */; };
/* End PBXBuildFile section */

/* Begin PBXContainerItemProxy section */
		2B39E17A26386CED003EE954 /* PBXContainerItemProxy */ = {
			isa = PBXContainerItemProxy;
			containerPortal = 2B39E16626386CEC003EE954 /* Project object */;
			proxyType = 1;
			remoteGlobalIDString = 2B39E16E26386CEC003EE954;
			remoteInfo = FirebaseService;
		};
/* End PBXContainerItemProxy section */

/* Begin PBXFileReference section */
		2B39E16F26386CEC003EE954 /* FirebaseService.framework */ = {isa = PBXFileReference; explicitFileType = wrapper.framework; includeInIndex = 0; path = FirebaseService.framework; sourceTree = BUILT_PRODUCTS_DIR; };
		2B39E17226386CEC003EE954 /* FirebaseService.h */ = {isa = PBXFileReference; lastKnownFileType = sourcecode.c.h; path = FirebaseService.h; sourceTree = "<group>"; };
		2B39E17326386CEC003EE954 /* Info.plist */ = {isa = PBXFileReference; lastKnownFileType = text.plist.xml; path = Info.plist; sourceTree = "<group>"; };
		2B39E17826386CED003EE954 /* FirebaseServiceTests.xctest */ = {isa = PBXFileReference; explicitFileType = wrapper.cfbundle; includeInIndex = 0; path = FirebaseServiceTests.xctest; sourceTree = BUILT_PRODUCTS_DIR; };
		2B39E17F26386CED003EE954 /* Info.plist */ = {isa = PBXFileReference; lastKnownFileType = text.plist.xml; path = Info.plist; sourceTree = "<group>"; };
		2B39E19126386F0E003EE954 /* GTMSessionFetcher.framework */ = {isa = PBXFileReference; lastKnownFileType = wrapper.framework; name = GTMSessionFetcher.framework; path = ../Carthage/Build/iOS/GTMSessionFetcher.framework; sourceTree = "<group>"; };
		2B39E19226386F0E003EE954 /* nanopb.framework */ = {isa = PBXFileReference; lastKnownFileType = wrapper.framework; name = nanopb.framework; path = ../Carthage/Build/iOS/nanopb.framework; sourceTree = "<group>"; };
		2B39E19326386F0E003EE954 /* FirebaseInstanceID.framework */ = {isa = PBXFileReference; lastKnownFileType = wrapper.framework; name = FirebaseInstanceID.framework; path = ../Carthage/Build/iOS/FirebaseInstanceID.framework; sourceTree = "<group>"; };
		2B39E19426386F0E003EE954 /* FirebaseMessaging.framework */ = {isa = PBXFileReference; lastKnownFileType = wrapper.framework; name = FirebaseMessaging.framework; path = ../Carthage/Build/iOS/FirebaseMessaging.framework; sourceTree = "<group>"; };
		2B39E19526386F0E003EE954 /* BoringSSL-GRPC.framework */ = {isa = PBXFileReference; lastKnownFileType = wrapper.framework; name = "BoringSSL-GRPC.framework"; path = "../Carthage/Build/iOS/BoringSSL-GRPC.framework"; sourceTree = "<group>"; };
		2B39E19626386F0F003EE954 /* GoogleDataTransport.framework */ = {isa = PBXFileReference; lastKnownFileType = wrapper.framework; name = GoogleDataTransport.framework; path = ../Carthage/Build/iOS/GoogleDataTransport.framework; sourceTree = "<group>"; };
		2B39E19726386F0F003EE954 /* FirebaseCore.framework */ = {isa = PBXFileReference; lastKnownFileType = wrapper.framework; name = FirebaseCore.framework; path = ../Carthage/Build/iOS/FirebaseCore.framework; sourceTree = "<group>"; };
		2B39E19826386F0F003EE954 /* FirebaseStorage.framework */ = {isa = PBXFileReference; lastKnownFileType = wrapper.framework; name = FirebaseStorage.framework; path = ../Carthage/Build/iOS/FirebaseStorage.framework; sourceTree = "<group>"; };
		2B39E19926386F0F003EE954 /* leveldb-library.framework */ = {isa = PBXFileReference; lastKnownFileType = wrapper.framework; name = "leveldb-library.framework"; path = "../Carthage/Build/iOS/leveldb-library.framework"; sourceTree = "<group>"; };
		2B39E19A26386F0F003EE954 /* FirebaseFirestore.framework */ = {isa = PBXFileReference; lastKnownFileType = wrapper.framework; name = FirebaseFirestore.framework; path = ../Carthage/Build/iOS/FirebaseFirestore.framework; sourceTree = "<group>"; };
		2B39E19B26386F0F003EE954 /* FirebaseAnalytics.framework */ = {isa = PBXFileReference; lastKnownFileType = wrapper.framework; name = FirebaseAnalytics.framework; path = ../Carthage/Build/iOS/FirebaseAnalytics.framework; sourceTree = "<group>"; };
		2B39E19C26386F0F003EE954 /* FirebaseAuth.framework */ = {isa = PBXFileReference; lastKnownFileType = wrapper.framework; name = FirebaseAuth.framework; path = ../Carthage/Build/iOS/FirebaseAuth.framework; sourceTree = "<group>"; };
		2B39E19D26386F0F003EE954 /* Firebase.framework */ = {isa = PBXFileReference; lastKnownFileType = wrapper.framework; name = Firebase.framework; path = ../Carthage/Build/iOS/Firebase.framework; sourceTree = "<group>"; };
		2B39E19E26386F0F003EE954 /* GoogleAppMeasurement.framework */ = {isa = PBXFileReference; lastKnownFileType = wrapper.framework; name = GoogleAppMeasurement.framework; path = ../Carthage/Build/iOS/GoogleAppMeasurement.framework; sourceTree = "<group>"; };
		2B39E19F26386F0F003EE954 /* PromisesObjC.framework */ = {isa = PBXFileReference; lastKnownFileType = wrapper.framework; name = PromisesObjC.framework; path = ../Carthage/Build/iOS/PromisesObjC.framework; sourceTree = "<group>"; };
		2B39E1A026386F0F003EE954 /* GoogleUtilities.framework */ = {isa = PBXFileReference; lastKnownFileType = wrapper.framework; name = GoogleUtilities.framework; path = ../Carthage/Build/iOS/GoogleUtilities.framework; sourceTree = "<group>"; };
		2B39E1A126386F0F003EE954 /* FirebaseInstallations.framework */ = {isa = PBXFileReference; lastKnownFileType = wrapper.framework; name = FirebaseInstallations.framework; path = ../Carthage/Build/iOS/FirebaseInstallations.framework; sourceTree = "<group>"; };
		2B39E1A226386F0F003EE954 /* abseil.framework */ = {isa = PBXFileReference; lastKnownFileType = wrapper.framework; name = abseil.framework; path = ../Carthage/Build/iOS/abseil.framework; sourceTree = "<group>"; };
		2B39E1A326386F0F003EE954 /* gRPC-C++.framework */ = {isa = PBXFileReference; lastKnownFileType = wrapper.framework; name = "gRPC-C++.framework"; path = "../Carthage/Build/iOS/gRPC-C++.framework"; sourceTree = "<group>"; };
		2B39E1A426386F0F003EE954 /* FirebaseCoreDiagnostics.framework */ = {isa = PBXFileReference; lastKnownFileType = wrapper.framework; name = FirebaseCoreDiagnostics.framework; path = ../Carthage/Build/iOS/FirebaseCoreDiagnostics.framework; sourceTree = "<group>"; };
		2B39E1A526386F0F003EE954 /* gRPC-Core.framework */ = {isa = PBXFileReference; lastKnownFileType = wrapper.framework; name = "gRPC-Core.framework"; path = "../Carthage/Build/iOS/gRPC-Core.framework"; sourceTree = "<group>"; };
		2B39E1A626386F0F003EE954 /* FirebaseCrashlytics.framework */ = {isa = PBXFileReference; lastKnownFileType = wrapper.framework; name = FirebaseCrashlytics.framework; path = ../Carthage/Build/iOS/FirebaseCrashlytics.framework; sourceTree = "<group>"; };
		2B39E1A726386F10003EE954 /* FIRAnalyticsConnector.framework */ = {isa = PBXFileReference; lastKnownFileType = wrapper.framework; name = FIRAnalyticsConnector.framework; path = ../Carthage/Build/iOS/FIRAnalyticsConnector.framework; sourceTree = "<group>"; };
		2B39E1C326386F59003EE954 /* gRPCCertificates-Cpp.bundle */ = {isa = PBXFileReference; lastKnownFileType = "wrapper.plug-in"; path = "gRPCCertificates-Cpp.bundle"; sourceTree = "<group>"; };
		2B39E1D526386FED003EE954 /* libc++.tbd */ = {isa = PBXFileReference; lastKnownFileType = "sourcecode.text-based-dylib-definition"; name = "libc++.tbd"; path = "Platforms/MacOSX.platform/Developer/SDKs/MacOSX11.1.sdk/usr/lib/libc++.tbd"; sourceTree = DEVELOPER_DIR; };
		2B39E1D926387013003EE954 /* libsqlite3.tbd */ = {isa = PBXFileReference; lastKnownFileType = "sourcecode.text-based-dylib-definition"; name = libsqlite3.tbd; path = Platforms/MacOSX.platform/Developer/SDKs/MacOSX11.1.sdk/usr/lib/libsqlite3.tbd; sourceTree = DEVELOPER_DIR; };
		2B39E1E72638703F003EE954 /* StoreKit.framework */ = {isa = PBXFileReference; lastKnownFileType = wrapper.framework; name = StoreKit.framework; path = Platforms/MacOSX.platform/Developer/SDKs/MacOSX11.1.sdk/System/iOSSupport/System/Library/Frameworks/StoreKit.framework; sourceTree = DEVELOPER_DIR; };
		2B39E1FF2638708D003EE954 /* FirebaseService.swift */ = {isa = PBXFileReference; lastKnownFileType = sourcecode.swift; path = FirebaseService.swift; sourceTree = "<group>"; };
		2B39E203263870B2003EE954 /* DataStore.framework */ = {isa = PBXFileReference; explicitFileType = wrapper.framework; path = DataStore.framework; sourceTree = BUILT_PRODUCTS_DIR; };
		2B39E205263870C5003EE954 /* DataStore.framework */ = {isa = PBXFileReference; explicitFileType = wrapper.framework; path = DataStore.framework; sourceTree = BUILT_PRODUCTS_DIR; };
		2B39E21826387557003EE954 /* Common3rdParty.framework */ = {isa = PBXFileReference; explicitFileType = wrapper.framework; path = Common3rdParty.framework; sourceTree = BUILT_PRODUCTS_DIR; };
		2B8AC38C263BB167002BA1AC /* Firebase.h */ = {isa = PBXFileReference; fileEncoding = 4; lastKnownFileType = sourcecode.c.h; path = Firebase.h; sourceTree = "<group>"; };
		2B8AC3C2263BB229002BA1AC /* FirebaseFirestore.xcframework */ = {isa = PBXFileReference; lastKnownFileType = wrapper.xcframework; path = FirebaseFirestore.xcframework; sourceTree = "<group>"; };
		2B8AC3C3263BB229002BA1AC /* gRPC-Core.xcframework */ = {isa = PBXFileReference; lastKnownFileType = wrapper.xcframework; path = "gRPC-Core.xcframework"; sourceTree = "<group>"; };
		2B8AC3C5263BB229002BA1AC /* gRPCCertificates-Cpp.bundle */ = {isa = PBXFileReference; lastKnownFileType = "wrapper.plug-in"; path = "gRPCCertificates-Cpp.bundle"; sourceTree = "<group>"; };
		2B8AC3C6263BB229002BA1AC /* leveldb-library.xcframework */ = {isa = PBXFileReference; lastKnownFileType = wrapper.xcframework; path = "leveldb-library.xcframework"; sourceTree = "<group>"; };
		2B8AC3C7263BB229002BA1AC /* gRPC-C++.xcframework */ = {isa = PBXFileReference; lastKnownFileType = wrapper.xcframework; path = "gRPC-C++.xcframework"; sourceTree = "<group>"; };
		2B8AC3C8263BB229002BA1AC /* BoringSSL-GRPC.xcframework */ = {isa = PBXFileReference; lastKnownFileType = wrapper.xcframework; path = "BoringSSL-GRPC.xcframework"; sourceTree = "<group>"; };
		2B8AC3C9263BB229002BA1AC /* abseil.xcframework */ = {isa = PBXFileReference; lastKnownFileType = wrapper.xcframework; path = abseil.xcframework; sourceTree = "<group>"; };
		2B8AC3CB263BB229002BA1AC /* FirebaseAuth.xcframework */ = {isa = PBXFileReference; lastKnownFileType = wrapper.xcframework; path = FirebaseAuth.xcframework; sourceTree = "<group>"; };
		2B8AC3CC263BB229002BA1AC /* GTMSessionFetcher.xcframework */ = {isa = PBXFileReference; lastKnownFileType = wrapper.xcframework; path = GTMSessionFetcher.xcframework; sourceTree = "<group>"; };
		2B8AC3CE263BB229002BA1AC /* nanopb.xcframework */ = {isa = PBXFileReference; lastKnownFileType = wrapper.xcframework; path = nanopb.xcframework; sourceTree = "<group>"; };
		2B8AC3CF263BB229002BA1AC /* PromisesObjC.xcframework */ = {isa = PBXFileReference; lastKnownFileType = wrapper.xcframework; path = PromisesObjC.xcframework; sourceTree = "<group>"; };
		2B8AC3D0263BB229002BA1AC /* FirebaseAnalytics.xcframework */ = {isa = PBXFileReference; lastKnownFileType = wrapper.xcframework; path = FirebaseAnalytics.xcframework; sourceTree = "<group>"; };
		2B8AC3D1263BB229002BA1AC /* FirebaseCoreDiagnostics.xcframework */ = {isa = PBXFileReference; lastKnownFileType = wrapper.xcframework; path = FirebaseCoreDiagnostics.xcframework; sourceTree = "<group>"; };
		2B8AC3D2263BB229002BA1AC /* FirebaseInstallations.xcframework */ = {isa = PBXFileReference; lastKnownFileType = wrapper.xcframework; path = FirebaseInstallations.xcframework; sourceTree = "<group>"; };
		2B8AC3D3263BB229002BA1AC /* FirebaseCore.xcframework */ = {isa = PBXFileReference; lastKnownFileType = wrapper.xcframework; path = FirebaseCore.xcframework; sourceTree = "<group>"; };
		2B8AC3D4263BB229002BA1AC /* GoogleDataTransport.xcframework */ = {isa = PBXFileReference; lastKnownFileType = wrapper.xcframework; path = GoogleDataTransport.xcframework; sourceTree = "<group>"; };
		2B8AC3D5263BB229002BA1AC /* GoogleAppMeasurement.xcframework */ = {isa = PBXFileReference; lastKnownFileType = wrapper.xcframework; path = GoogleAppMeasurement.xcframework; sourceTree = "<group>"; };
		2B8AC3D6263BB229002BA1AC /* GoogleUtilities.xcframework */ = {isa = PBXFileReference; lastKnownFileType = wrapper.xcframework; path = GoogleUtilities.xcframework; sourceTree = "<group>"; };
		2B8AC3D8263BB229002BA1AC /* FirebaseMessaging.xcframework */ = {isa = PBXFileReference; lastKnownFileType = wrapper.xcframework; path = FirebaseMessaging.xcframework; sourceTree = "<group>"; };
		2B8AC3D9263BB229002BA1AC /* FirebaseInstanceID.xcframework */ = {isa = PBXFileReference; lastKnownFileType = wrapper.xcframework; path = FirebaseInstanceID.xcframework; sourceTree = "<group>"; };
		2B8AC3DB263BB229002BA1AC /* FirebaseStorage.xcframework */ = {isa = PBXFileReference; lastKnownFileType = wrapper.xcframework; path = FirebaseStorage.xcframework; sourceTree = "<group>"; };
		2B8AC3DC263BB229002BA1AC /* GTMSessionFetcher.xcframework */ = {isa = PBXFileReference; lastKnownFileType = wrapper.xcframework; path = GTMSessionFetcher.xcframework; sourceTree = "<group>"; };
		2B8AC3F3263BB325002BA1AC /* module.modulemap */ = {isa = PBXFileReference; lastKnownFileType = "sourcecode.module-map"; path = module.modulemap; sourceTree = "<group>"; };
		2B8AC3F8263C57C6002BA1AC /* FirebaseCrashlytics.xcframework */ = {isa = PBXFileReference; lastKnownFileType = wrapper.xcframework; path = FirebaseCrashlytics.xcframework; sourceTree = "<group>"; };
		2BD54F57263D4AAE004B3EB0 /* Domain.framework */ = {isa = PBXFileReference; explicitFileType = wrapper.framework; path = Domain.framework; sourceTree = BUILT_PRODUCTS_DIR; };
		2BD54F5B263D4AB4004B3EB0 /* DataStore.framework */ = {isa = PBXFileReference; explicitFileType = wrapper.framework; path = DataStore.framework; sourceTree = BUILT_PRODUCTS_DIR; };
		2BD54F5E263D4B09004B3EB0 /* UnitTestHelpKit.framework */ = {isa = PBXFileReference; explicitFileType = wrapper.framework; path = UnitTestHelpKit.framework; sourceTree = BUILT_PRODUCTS_DIR; };
		2BD54F60263D4B14004B3EB0 /* Common3rdParty.framework */ = {isa = PBXFileReference; explicitFileType = wrapper.framework; path = Common3rdParty.framework; sourceTree = BUILT_PRODUCTS_DIR; };
		2BD54F70263DB37D004B3EB0 /* AuthRemote+Firebase.swift */ = {isa = PBXFileReference; lastKnownFileType = sourcecode.swift; path = "AuthRemote+Firebase.swift"; sourceTree = "<group>"; };
		2BD54F82263DCA5E004B3EB0 /* FireStore+Collections.swift */ = {isa = PBXFileReference; lastKnownFileType = sourcecode.swift; path = "FireStore+Collections.swift"; sourceTree = "<group>"; };
		2BD54F84263DCBB7004B3EB0 /* JsonMapping.swift */ = {isa = PBXFileReference; lastKnownFileType = sourcecode.swift; path = JsonMapping.swift; sourceTree = "<group>"; };
		2BD54F86263DD42A004B3EB0 /* Common3rdParty.framework */ = {isa = PBXFileReference; explicitFileType = wrapper.framework; path = Common3rdParty.framework; sourceTree = BUILT_PRODUCTS_DIR; };
		F6078F0926AD2EC1000B8AA4 /* FCMPayload+Mapping.swift */ = {isa = PBXFileReference; lastKnownFileType = sourcecode.swift; path = "FCMPayload+Mapping.swift"; sourceTree = "<group>"; };
		F617F1092768EA1200D88F9C /* HelpRemoteImple+Firebase.swift */ = {isa = PBXFileReference; lastKnownFileType = sourcecode.swift; path = "HelpRemoteImple+Firebase.swift"; sourceTree = "<group>"; };
		F617F10B2768EA4900D88F9C /* Feedback+Mapping.swift */ = {isa = PBXFileReference; lastKnownFileType = sourcecode.swift; path = "Feedback+Mapping.swift"; sourceTree = "<group>"; };
		F62692B72725629D00841B40 /* ReadLinkMemoRemote+Firebase.swift */ = {isa = PBXFileReference; lastKnownFileType = sourcecode.swift; path = "ReadLinkMemoRemote+Firebase.swift"; sourceTree = "<group>"; };
		F633212A26557BA8000D7456 /* MemberRemote+Firebase.swift */ = {isa = PBXFileReference; lastKnownFileType = sourcecode.swift; path = "MemberRemote+Firebase.swift"; sourceTree = "<group>"; };
		F637206726668BB70089D0B3 /* Storage+Extensions.swift */ = {isa = PBXFileReference; lastKnownFileType = sourcecode.swift; path = "Storage+Extensions.swift"; sourceTree = "<group>"; };
		F640618C2735DB4100902787 /* BatchUpload+Firebase.swift */ = {isa = PBXFileReference; lastKnownFileType = sourcecode.swift; path = "BatchUpload+Firebase.swift"; sourceTree = "<group>"; };
		F64CCB6B265508490007F7C6 /* UserDevices.swift */ = {isa = PBXFileReference; lastKnownFileType = sourcecode.swift; path = UserDevices.swift; sourceTree = "<group>"; };
		F6684DEE2647CC0F00820368 /* GFGeoHashQuery.h */ = {isa = PBXFileReference; fileEncoding = 4; lastKnownFileType = sourcecode.c.h; path = GFGeoHashQuery.h; sourceTree = "<group>"; };
		F6684DEF2647CC0F00820368 /* GFUtils.h */ = {isa = PBXFileReference; fileEncoding = 4; lastKnownFileType = sourcecode.c.h; path = GFUtils.h; sourceTree = "<group>"; };
		F6684DF02647CC0F00820368 /* GFGeoHash.m */ = {isa = PBXFileReference; fileEncoding = 4; lastKnownFileType = sourcecode.c.objc; path = GFGeoHash.m; sourceTree = "<group>"; };
		F6684DF12647CC0F00820368 /* GFGeoHashQuery.m */ = {isa = PBXFileReference; fileEncoding = 4; lastKnownFileType = sourcecode.c.objc; path = GFGeoHashQuery.m; sourceTree = "<group>"; };
		F6684DF22647CC0F00820368 /* GFGeoQueryBounds.m */ = {isa = PBXFileReference; fileEncoding = 4; lastKnownFileType = sourcecode.c.objc; path = GFGeoQueryBounds.m; sourceTree = "<group>"; };
		F6684DF32647CC0F00820368 /* GFBase32Utils.h */ = {isa = PBXFileReference; fileEncoding = 4; lastKnownFileType = sourcecode.c.h; path = GFBase32Utils.h; sourceTree = "<group>"; };
		F6684DF42647CC0F00820368 /* GFGeoHash.h */ = {isa = PBXFileReference; fileEncoding = 4; lastKnownFileType = sourcecode.c.h; path = GFGeoHash.h; sourceTree = "<group>"; };
		F6684DF52647CC1000820368 /* GFGeoQueryBounds.h */ = {isa = PBXFileReference; fileEncoding = 4; lastKnownFileType = sourcecode.c.h; path = GFGeoQueryBounds.h; sourceTree = "<group>"; };
		F6684DF62647CC1000820368 /* GFBase32Utils.m */ = {isa = PBXFileReference; fileEncoding = 4; lastKnownFileType = sourcecode.c.objc; path = GFBase32Utils.m; sourceTree = "<group>"; };
		F6684DF72647CC1000820368 /* GFUtils.m */ = {isa = PBXFileReference; fileEncoding = 4; lastKnownFileType = sourcecode.c.objc; path = GFUtils.m; sourceTree = "<group>"; };
		F6684E032647E33400820368 /* Member+Mapping.swift */ = {isa = PBXFileReference; lastKnownFileType = sourcecode.swift; path = "Member+Mapping.swift"; sourceTree = "<group>"; };
		F6684E052647E38600820368 /* Place+Mapping.swift */ = {isa = PBXFileReference; lastKnownFileType = sourcecode.swift; path = "Place+Mapping.swift"; sourceTree = "<group>"; };
		F66E81402655328000682625 /* MessagingRemote+Firebase.swift */ = {isa = PBXFileReference; lastKnownFileType = sourcecode.swift; path = "MessagingRemote+Firebase.swift"; sourceTree = "<group>"; };
		F67848D426510B170074C344 /* HoorayRemote+Firebase.swift */ = {isa = PBXFileReference; lastKnownFileType = sourcecode.swift; path = "HoorayRemote+Firebase.swift"; sourceTree = "<group>"; };
		F67848D626510CB50074C344 /* Hooray+Mapping.swift */ = {isa = PBXFileReference; lastKnownFileType = sourcecode.swift; path = "Hooray+Mapping.swift"; sourceTree = "<group>"; };
		F67848D92651229A0074C344 /* DistanceUtills.swift */ = {isa = PBXFileReference; lastKnownFileType = sourcecode.swift; path = DistanceUtills.swift; sourceTree = "<group>"; };
		F67848DB265123D20074C344 /* RemotePolicy.swift */ = {isa = PBXFileReference; lastKnownFileType = sourcecode.swift; path = RemotePolicy.swift; sourceTree = "<group>"; };
		F68B209A26A5D2B200DB30CC /* FCM+Firebase.swift */ = {isa = PBXFileReference; lastKnownFileType = sourcecode.swift; path = "FCM+Firebase.swift"; sourceTree = "<group>"; };
		F6A72A4026486C47006BE4BD /* Tag+Mapping.swift */ = {isa = PBXFileReference; lastKnownFileType = sourcecode.swift; path = "Tag+Mapping.swift"; sourceTree = "<group>"; };
		F6A72A4226486D88006BE4BD /* TagRemote+Firebase.swift */ = {isa = PBXFileReference; lastKnownFileType = sourcecode.swift; path = "TagRemote+Firebase.swift"; sourceTree = "<group>"; };
		F6A8CE4A271205F100CA6D3D /* ItemCategoryRemote+Firebase.swift */ = {isa = PBXFileReference; lastKnownFileType = sourcecode.swift; path = "ItemCategoryRemote+Firebase.swift"; sourceTree = "<group>"; };
		F6BA7DA8278147CD0020B430 /* GoogleSignIn.bundle */ = {isa = PBXFileReference; lastKnownFileType = "wrapper.plug-in"; path = GoogleSignIn.bundle; sourceTree = "<group>"; };
		F6BA7DAA278147CD0020B430 /* AppAuth.xcframework */ = {isa = PBXFileReference; lastKnownFileType = wrapper.xcframework; path = AppAuth.xcframework; sourceTree = "<group>"; };
		F6BA7DAB278147CD0020B430 /* GTMAppAuth.xcframework */ = {isa = PBXFileReference; lastKnownFileType = wrapper.xcframework; path = GTMAppAuth.xcframework; sourceTree = "<group>"; };
		F6BA7DAC278147CD0020B430 /* GoogleSignIn.xcframework */ = {isa = PBXFileReference; lastKnownFileType = wrapper.xcframework; path = GoogleSignIn.xcframework; sourceTree = "<group>"; };
		F6BA7DB3278149900020B430 /* GoogleSignInService.swift */ = {isa = PBXFileReference; lastKnownFileType = sourcecode.swift; path = GoogleSignInService.swift; sourceTree = "<group>"; };
		F6BA7DC027815C9F0020B430 /* GoogleSignInButtonBuilder.swift */ = {isa = PBXFileReference; lastKnownFileType = sourcecode.swift; path = GoogleSignInButtonBuilder.swift; sourceTree = "<group>"; };
		F6BD480C2741050800D2B2C9 /* ShareItem+Firebase.swift */ = {isa = PBXFileReference; lastKnownFileType = sourcecode.swift; path = "ShareItem+Firebase.swift"; sourceTree = "<group>"; };
		F6BD480E2741065800D2B2C9 /* ShareItem+Mapping.swift */ = {isa = PBXFileReference; lastKnownFileType = sourcecode.swift; path = "ShareItem+Mapping.swift"; sourceTree = "<group>"; };
		F6C99B29273031A000D42A90 /* ReadItem+Mapping.swift */ = {isa = PBXFileReference; lastKnownFileType = sourcecode.swift; path = "ReadItem+Mapping.swift"; sourceTree = "<group>"; };
		F6C99B2B2730356100D42A90 /* ItemCategory+Mapping.swift */ = {isa = PBXFileReference; lastKnownFileType = sourcecode.swift; path = "ItemCategory+Mapping.swift"; sourceTree = "<group>"; };
		F6C99B2D273035EF00D42A90 /* ReadLinkMemo+Mapping.swift */ = {isa = PBXFileReference; lastKnownFileType = sourcecode.swift; path = "ReadLinkMemo+Mapping.swift"; sourceTree = "<group>"; };
		F6C99B302730382600D42A90 /* SuggestIndexes.swift */ = {isa = PBXFileReference; lastKnownFileType = sourcecode.swift; path = SuggestIndexes.swift; sourceTree = "<group>"; };
		F6CEF8B226F4E8B300061097 /* ReadItemRemote+Firebase.swift */ = {isa = PBXFileReference; lastKnownFileType = sourcecode.swift; path = "ReadItemRemote+Firebase.swift"; sourceTree = "<group>"; };
		F6CFA57026444F2500F9A049 /* PlaceRemote+Firebase.swift */ = {isa = PBXFileReference; lastKnownFileType = sourcecode.swift; path = "PlaceRemote+Firebase.swift"; sourceTree = "<group>"; };
		F6CFA57A264660EA00F9A049 /* MockHttpRemote.swift */ = {isa = PBXFileReference; lastKnownFileType = sourcecode.swift; path = MockHttpRemote.swift; sourceTree = "<group>"; };
		F6CFA57C2646659F00F9A049 /* FirebaseServiceImpleTests.swift */ = {isa = PBXFileReference; lastKnownFileType = sourcecode.swift; path = FirebaseServiceImpleTests.swift; sourceTree = "<group>"; };
		F6CFA58126466A8100F9A049 /* SearchPlace.json */ = {isa = PBXFileReference; lastKnownFileType = text.json; path = SearchPlace.json; sourceTree = "<group>"; };
		F6E9F78527817A8700FF992F /* FirebaseCrashLogger.swift */ = {isa = PBXFileReference; lastKnownFileType = sourcecode.swift; path = FirebaseCrashLogger.swift; sourceTree = "<group>"; };
		F6F35FC02715F934002B9DA8 /* ReadItemOptionRemote+Firebase.swift */ = {isa = PBXFileReference; lastKnownFileType = sourcecode.swift; path = "ReadItemOptionRemote+Firebase.swift"; sourceTree = "<group>"; };
/* End PBXFileReference section */

/* Begin PBXFrameworksBuildPhase section */
		2B39E16C26386CEC003EE954 /* Frameworks */ = {
			isa = PBXFrameworksBuildPhase;
			buildActionMask = 2147483647;
			files = (
				2B8AC3DD263BB229002BA1AC /* FirebaseFirestore.xcframework in Frameworks */,
				2B8AC3FD263C57C6002BA1AC /* FirebaseCrashlytics.xcframework in Frameworks */,
				2B8AC3E2263BB229002BA1AC /* BoringSSL-GRPC.xcframework in Frameworks */,
				2B8AC3ED263BB229002BA1AC /* GoogleAppMeasurement.xcframework in Frameworks */,
				2B8AC3E5263BB229002BA1AC /* GTMSessionFetcher.xcframework in Frameworks */,
				2B8AC3E6263BB229002BA1AC /* nanopb.xcframework in Frameworks */,
				2BD54F58263D4AAE004B3EB0 /* Domain.framework in Frameworks */,
				2B8AC3EE263BB229002BA1AC /* GoogleUtilities.xcframework in Frameworks */,
				2B8AC3EA263BB229002BA1AC /* FirebaseInstallations.xcframework in Frameworks */,
				2B8AC3E4263BB229002BA1AC /* FirebaseAuth.xcframework in Frameworks */,
				2B8AC3E8263BB229002BA1AC /* FirebaseAnalytics.xcframework in Frameworks */,
				2B8AC3EF263BB229002BA1AC /* FirebaseMessaging.xcframework in Frameworks */,
				2B8AC3EB263BB229002BA1AC /* FirebaseCore.xcframework in Frameworks */,
				2B8AC3E0263BB229002BA1AC /* leveldb-library.xcframework in Frameworks */,
				2BD54F87263DD42A004B3EB0 /* Common3rdParty.framework in Frameworks */,
				2B8AC3F1263BB229002BA1AC /* FirebaseStorage.xcframework in Frameworks */,
				F6BA7DAF278147CD0020B430 /* AppAuth.xcframework in Frameworks */,
				2B8AC3EC263BB229002BA1AC /* GoogleDataTransport.xcframework in Frameworks */,
				2B8AC3DE263BB229002BA1AC /* gRPC-Core.xcframework in Frameworks */,
				F6BA7DB0278147CD0020B430 /* GTMAppAuth.xcframework in Frameworks */,
				2B8AC3E3263BB229002BA1AC /* abseil.xcframework in Frameworks */,
				2B8AC3E1263BB229002BA1AC /* gRPC-C++.xcframework in Frameworks */,
				2B8AC3E9263BB229002BA1AC /* FirebaseCoreDiagnostics.xcframework in Frameworks */,
				2BD54F5C263D4AB4004B3EB0 /* DataStore.framework in Frameworks */,
				2B8AC3E7263BB229002BA1AC /* PromisesObjC.xcframework in Frameworks */,
				F6BA7DB1278147CD0020B430 /* GoogleSignIn.xcframework in Frameworks */,
			);
			runOnlyForDeploymentPostprocessing = 0;
		};
		2B39E17526386CED003EE954 /* Frameworks */ = {
			isa = PBXFrameworksBuildPhase;
			buildActionMask = 2147483647;
			files = (
				2BD54F61263D4B14004B3EB0 /* Common3rdParty.framework in Frameworks */,
				2BD54F5F263D4B09004B3EB0 /* UnitTestHelpKit.framework in Frameworks */,
				2B39E17926386CED003EE954 /* FirebaseService.framework in Frameworks */,
			);
			runOnlyForDeploymentPostprocessing = 0;
		};
/* End PBXFrameworksBuildPhase section */

/* Begin PBXGroup section */
		2B39E16526386CEC003EE954 = {
			isa = PBXGroup;
			children = (
				2B39E1C326386F59003EE954 /* gRPCCertificates-Cpp.bundle */,
				2B39E17126386CEC003EE954 /* FirebaseService */,
				2B39E17C26386CED003EE954 /* FirebaseServiceTests */,
				2B39E17026386CEC003EE954 /* Products */,
				2B39E19026386F0E003EE954 /* Frameworks */,
			);
			sourceTree = "<group>";
		};
		2B39E17026386CEC003EE954 /* Products */ = {
			isa = PBXGroup;
			children = (
				2B39E16F26386CEC003EE954 /* FirebaseService.framework */,
				2B39E17826386CED003EE954 /* FirebaseServiceTests.xctest */,
			);
			name = Products;
			sourceTree = "<group>";
		};
		2B39E17126386CEC003EE954 /* FirebaseService */ = {
			isa = PBXGroup;
			children = (
				F67848DB265123D20074C344 /* RemotePolicy.swift */,
				2B39E1FF2638708D003EE954 /* FirebaseService.swift */,
				F6E9F78527817A8700FF992F /* FirebaseCrashLogger.swift */,
				F6BA7DB2278149810020B430 /* GoogleSignIn */,
				2BD54F54263D4A02004B3EB0 /* RemoteImple+FirebaseService */,
				F68B209926A5D29500DB30CC /* FCM+Firebase */,
				F67848D8265122690074C344 /* Utills */,
				2B8AC38B263BB147002BA1AC /* FirebaseFrameworks */,
				2B39E17226386CEC003EE954 /* FirebaseService.h */,
				2B39E17326386CEC003EE954 /* Info.plist */,
			);
			path = FirebaseService;
			sourceTree = "<group>";
		};
		2B39E17C26386CED003EE954 /* FirebaseServiceTests */ = {
			isa = PBXGroup;
			children = (
				F6CFA579264660D800F9A049 /* Doubles */,
				F6CFA57C2646659F00F9A049 /* FirebaseServiceImpleTests.swift */,
				2B39E17F26386CED003EE954 /* Info.plist */,
			);
			path = FirebaseServiceTests;
			sourceTree = "<group>";
		};
		2B39E19026386F0E003EE954 /* Frameworks */ = {
			isa = PBXGroup;
			children = (
				2BD54F86263DD42A004B3EB0 /* Common3rdParty.framework */,
				2BD54F60263D4B14004B3EB0 /* Common3rdParty.framework */,
				2BD54F5E263D4B09004B3EB0 /* UnitTestHelpKit.framework */,
				2BD54F5B263D4AB4004B3EB0 /* DataStore.framework */,
				2BD54F57263D4AAE004B3EB0 /* Domain.framework */,
				2B39E21826387557003EE954 /* Common3rdParty.framework */,
				2B39E205263870C5003EE954 /* DataStore.framework */,
				2B39E203263870B2003EE954 /* DataStore.framework */,
				2B39E1E72638703F003EE954 /* StoreKit.framework */,
				2B39E1D926387013003EE954 /* libsqlite3.tbd */,
				2B39E1D526386FED003EE954 /* libc++.tbd */,
				2B39E1A226386F0F003EE954 /* abseil.framework */,
				2B39E19526386F0E003EE954 /* BoringSSL-GRPC.framework */,
				2B39E1A726386F10003EE954 /* FIRAnalyticsConnector.framework */,
				2B39E19D26386F0F003EE954 /* Firebase.framework */,
				2B39E19B26386F0F003EE954 /* FirebaseAnalytics.framework */,
				2B39E19C26386F0F003EE954 /* FirebaseAuth.framework */,
				2B39E19726386F0F003EE954 /* FirebaseCore.framework */,
				2B39E1A426386F0F003EE954 /* FirebaseCoreDiagnostics.framework */,
				2B39E1A626386F0F003EE954 /* FirebaseCrashlytics.framework */,
				2B39E19A26386F0F003EE954 /* FirebaseFirestore.framework */,
				2B39E1A126386F0F003EE954 /* FirebaseInstallations.framework */,
				2B39E19326386F0E003EE954 /* FirebaseInstanceID.framework */,
				2B39E19426386F0E003EE954 /* FirebaseMessaging.framework */,
				2B39E19826386F0F003EE954 /* FirebaseStorage.framework */,
				2B39E19E26386F0F003EE954 /* GoogleAppMeasurement.framework */,
				2B39E19626386F0F003EE954 /* GoogleDataTransport.framework */,
				2B39E1A026386F0F003EE954 /* GoogleUtilities.framework */,
				2B39E1A326386F0F003EE954 /* gRPC-C++.framework */,
				2B39E1A526386F0F003EE954 /* gRPC-Core.framework */,
				2B39E19126386F0E003EE954 /* GTMSessionFetcher.framework */,
				2B39E19926386F0F003EE954 /* leveldb-library.framework */,
				2B39E19226386F0E003EE954 /* nanopb.framework */,
				2B39E19F26386F0F003EE954 /* PromisesObjC.framework */,
			);
			name = Frameworks;
			sourceTree = "<group>";
		};
		2B8AC38B263BB147002BA1AC /* FirebaseFrameworks */ = {
			isa = PBXGroup;
			children = (
				F6684DED2647CBFA00820368 /* GeoFire+Utils */,
				2B8AC3F7263C57C6002BA1AC /* FirebaseCrashlytics */,
				2B8AC38C263BB167002BA1AC /* Firebase.h */,
				2B8AC3F3263BB325002BA1AC /* module.modulemap */,
				2B8AC3CD263BB229002BA1AC /* FirebaseAnalytics */,
				2B8AC3CA263BB229002BA1AC /* FirebaseAuth */,
				2B8AC3C1263BB229002BA1AC /* FirebaseFirestore */,
				2B8AC3D7263BB229002BA1AC /* FirebaseMessaging */,
				2B8AC3DA263BB229002BA1AC /* FirebaseStorage */,
				F6BA7DA6278147A10020B430 /* GoogleSignIn */,
			);
			path = FirebaseFrameworks;
			sourceTree = "<group>";
		};
		2B8AC3C1263BB229002BA1AC /* FirebaseFirestore */ = {
			isa = PBXGroup;
			children = (
				2B8AC3C2263BB229002BA1AC /* FirebaseFirestore.xcframework */,
				2B8AC3C3263BB229002BA1AC /* gRPC-Core.xcframework */,
				2B8AC3C4263BB229002BA1AC /* Resources */,
				2B8AC3C6263BB229002BA1AC /* leveldb-library.xcframework */,
				2B8AC3C7263BB229002BA1AC /* gRPC-C++.xcframework */,
				2B8AC3C8263BB229002BA1AC /* BoringSSL-GRPC.xcframework */,
				2B8AC3C9263BB229002BA1AC /* abseil.xcframework */,
			);
			path = FirebaseFirestore;
			sourceTree = "<group>";
		};
		2B8AC3C4263BB229002BA1AC /* Resources */ = {
			isa = PBXGroup;
			children = (
				2B8AC3C5263BB229002BA1AC /* gRPCCertificates-Cpp.bundle */,
			);
			path = Resources;
			sourceTree = "<group>";
		};
		2B8AC3CA263BB229002BA1AC /* FirebaseAuth */ = {
			isa = PBXGroup;
			children = (
				2B8AC3CB263BB229002BA1AC /* FirebaseAuth.xcframework */,
				2B8AC3CC263BB229002BA1AC /* GTMSessionFetcher.xcframework */,
			);
			path = FirebaseAuth;
			sourceTree = "<group>";
		};
		2B8AC3CD263BB229002BA1AC /* FirebaseAnalytics */ = {
			isa = PBXGroup;
			children = (
				2B8AC3CE263BB229002BA1AC /* nanopb.xcframework */,
				2B8AC3CF263BB229002BA1AC /* PromisesObjC.xcframework */,
				2B8AC3D0263BB229002BA1AC /* FirebaseAnalytics.xcframework */,
				2B8AC3D1263BB229002BA1AC /* FirebaseCoreDiagnostics.xcframework */,
				2B8AC3D2263BB229002BA1AC /* FirebaseInstallations.xcframework */,
				2B8AC3D3263BB229002BA1AC /* FirebaseCore.xcframework */,
				2B8AC3D4263BB229002BA1AC /* GoogleDataTransport.xcframework */,
				2B8AC3D5263BB229002BA1AC /* GoogleAppMeasurement.xcframework */,
				2B8AC3D6263BB229002BA1AC /* GoogleUtilities.xcframework */,
			);
			path = FirebaseAnalytics;
			sourceTree = "<group>";
		};
		2B8AC3D7263BB229002BA1AC /* FirebaseMessaging */ = {
			isa = PBXGroup;
			children = (
				2B8AC3D8263BB229002BA1AC /* FirebaseMessaging.xcframework */,
				2B8AC3D9263BB229002BA1AC /* FirebaseInstanceID.xcframework */,
			);
			path = FirebaseMessaging;
			sourceTree = "<group>";
		};
		2B8AC3DA263BB229002BA1AC /* FirebaseStorage */ = {
			isa = PBXGroup;
			children = (
				2B8AC3DB263BB229002BA1AC /* FirebaseStorage.xcframework */,
				2B8AC3DC263BB229002BA1AC /* GTMSessionFetcher.xcframework */,
			);
			path = FirebaseStorage;
			sourceTree = "<group>";
		};
		2B8AC3F7263C57C6002BA1AC /* FirebaseCrashlytics */ = {
			isa = PBXGroup;
			children = (
				2B8AC3F8263C57C6002BA1AC /* FirebaseCrashlytics.xcframework */,
			);
			path = FirebaseCrashlytics;
			sourceTree = "<group>";
		};
		2BD54F54263D4A02004B3EB0 /* RemoteImple+FirebaseService */ = {
			isa = PBXGroup;
			children = (
				F6684E022647E32400820368 /* DataMappings */,
				F637206726668BB70089D0B3 /* Storage+Extensions.swift */,
				2BD54F82263DCA5E004B3EB0 /* FireStore+Collections.swift */,
				2BD54F70263DB37D004B3EB0 /* AuthRemote+Firebase.swift */,
				F633212A26557BA8000D7456 /* MemberRemote+Firebase.swift */,
				F66E81402655328000682625 /* MessagingRemote+Firebase.swift */,
				F6CEF8B226F4E8B300061097 /* ReadItemRemote+Firebase.swift */,
				F6F35FC02715F934002B9DA8 /* ReadItemOptionRemote+Firebase.swift */,
				F6A8CE4A271205F100CA6D3D /* ItemCategoryRemote+Firebase.swift */,
				F62692B72725629D00841B40 /* ReadLinkMemoRemote+Firebase.swift */,
				F640618C2735DB4100902787 /* BatchUpload+Firebase.swift */,
				F6BD480C2741050800D2B2C9 /* ShareItem+Firebase.swift */,
				F617F1092768EA1200D88F9C /* HelpRemoteImple+Firebase.swift */,
				F62DEFC727535F6E008D50D1 /* Deprecated */,
			);
			path = "RemoteImple+FirebaseService";
			sourceTree = "<group>";
		};
		F62DEFC727535F6E008D50D1 /* Deprecated */ = {
			isa = PBXGroup;
			children = (
				F6CFA57026444F2500F9A049 /* PlaceRemote+Firebase.swift */,
				F6A72A4226486D88006BE4BD /* TagRemote+Firebase.swift */,
				F67848D426510B170074C344 /* HoorayRemote+Firebase.swift */,
			);
			path = Deprecated;
			sourceTree = "<group>";
		};
		F6684DED2647CBFA00820368 /* GeoFire+Utils */ = {
			isa = PBXGroup;
			children = (
				F6684DF32647CC0F00820368 /* GFBase32Utils.h */,
				F6684DF62647CC1000820368 /* GFBase32Utils.m */,
				F6684DF42647CC0F00820368 /* GFGeoHash.h */,
				F6684DF02647CC0F00820368 /* GFGeoHash.m */,
				F6684DEE2647CC0F00820368 /* GFGeoHashQuery.h */,
				F6684DF12647CC0F00820368 /* GFGeoHashQuery.m */,
				F6684DF52647CC1000820368 /* GFGeoQueryBounds.h */,
				F6684DF22647CC0F00820368 /* GFGeoQueryBounds.m */,
				F6684DEF2647CC0F00820368 /* GFUtils.h */,
				F6684DF72647CC1000820368 /* GFUtils.m */,
			);
			path = "GeoFire+Utils";
			sourceTree = "<group>";
		};
		F6684E022647E32400820368 /* DataMappings */ = {
			isa = PBXGroup;
			children = (
				2BD54F84263DCBB7004B3EB0 /* JsonMapping.swift */,
				F6684E032647E33400820368 /* Member+Mapping.swift */,
				F64CCB6B265508490007F7C6 /* UserDevices.swift */,
				F6684E052647E38600820368 /* Place+Mapping.swift */,
				F6A72A4026486C47006BE4BD /* Tag+Mapping.swift */,
				F67848D626510CB50074C344 /* Hooray+Mapping.swift */,
				F6C99B29273031A000D42A90 /* ReadItem+Mapping.swift */,
				F6C99B2B2730356100D42A90 /* ItemCategory+Mapping.swift */,
				F6C99B2D273035EF00D42A90 /* ReadLinkMemo+Mapping.swift */,
				F6C99B302730382600D42A90 /* SuggestIndexes.swift */,
				F6BD480E2741065800D2B2C9 /* ShareItem+Mapping.swift */,
				F617F10B2768EA4900D88F9C /* Feedback+Mapping.swift */,
			);
			path = DataMappings;
			sourceTree = "<group>";
		};
		F67848D8265122690074C344 /* Utills */ = {
			isa = PBXGroup;
			children = (
				F67848D92651229A0074C344 /* DistanceUtills.swift */,
			);
			path = Utills;
			sourceTree = "<group>";
		};
		F68B209926A5D29500DB30CC /* FCM+Firebase */ = {
			isa = PBXGroup;
			children = (
				F68B209A26A5D2B200DB30CC /* FCM+Firebase.swift */,
				F6078F0926AD2EC1000B8AA4 /* FCMPayload+Mapping.swift */,
			);
			path = "FCM+Firebase";
			sourceTree = "<group>";
		};
		F6BA7DA6278147A10020B430 /* GoogleSignIn */ = {
			isa = PBXGroup;
			children = (
				F6BA7DAA278147CD0020B430 /* AppAuth.xcframework */,
				F6BA7DAC278147CD0020B430 /* GoogleSignIn.xcframework */,
				F6BA7DAB278147CD0020B430 /* GTMAppAuth.xcframework */,
				F6BA7DA7278147CD0020B430 /* Resources */,
			);
			path = GoogleSignIn;
			sourceTree = "<group>";
		};
		F6BA7DA7278147CD0020B430 /* Resources */ = {
			isa = PBXGroup;
			children = (
				F6BA7DA8278147CD0020B430 /* GoogleSignIn.bundle */,
			);
			path = Resources;
			sourceTree = "<group>";
		};
		F6BA7DB2278149810020B430 /* GoogleSignIn */ = {
			isa = PBXGroup;
			children = (
				F6BA7DB3278149900020B430 /* GoogleSignInService.swift */,
				F6BA7DC027815C9F0020B430 /* GoogleSignInButtonBuilder.swift */,
			);
			path = GoogleSignIn;
			sourceTree = "<group>";
		};
		F6CFA579264660D800F9A049 /* Doubles */ = {
			isa = PBXGroup;
			children = (
				F6CFA57E26466A3F00F9A049 /* Jsons */,
				F6CFA57A264660EA00F9A049 /* MockHttpRemote.swift */,
			);
			path = Doubles;
			sourceTree = "<group>";
		};
		F6CFA57E26466A3F00F9A049 /* Jsons */ = {
			isa = PBXGroup;
			children = (
				F6CFA58126466A8100F9A049 /* SearchPlace.json */,
			);
			path = Jsons;
			sourceTree = "<group>";
		};
/* End PBXGroup section */

/* Begin PBXHeadersBuildPhase section */
		2B39E16A26386CEC003EE954 /* Headers */ = {
			isa = PBXHeadersBuildPhase;
			buildActionMask = 2147483647;
			files = (
				2B39E18026386CED003EE954 /* FirebaseService.h in Headers */,
				F6684DF92647CC1000820368 /* GFUtils.h in Headers */,
				F6684DFE2647CC1000820368 /* GFGeoHash.h in Headers */,
				F6684DFD2647CC1000820368 /* GFBase32Utils.h in Headers */,
				F6684DF82647CC1000820368 /* GFGeoHashQuery.h in Headers */,
				F6684DFF2647CC1000820368 /* GFGeoQueryBounds.h in Headers */,
				2B8AC38D263BB167002BA1AC /* Firebase.h in Headers */,
			);
			runOnlyForDeploymentPostprocessing = 0;
		};
/* End PBXHeadersBuildPhase section */

/* Begin PBXNativeTarget section */
		2B39E16E26386CEC003EE954 /* FirebaseService */ = {
			isa = PBXNativeTarget;
			buildConfigurationList = 2B39E18326386CED003EE954 /* Build configuration list for PBXNativeTarget "FirebaseService" */;
			buildPhases = (
				2B39E16A26386CEC003EE954 /* Headers */,
				2B39E16B26386CEC003EE954 /* Sources */,
				2B39E16C26386CEC003EE954 /* Frameworks */,
				2B39E16D26386CEC003EE954 /* Resources */,
			);
			buildRules = (
			);
			dependencies = (
			);
			name = FirebaseService;
			productName = FirebaseService;
			productReference = 2B39E16F26386CEC003EE954 /* FirebaseService.framework */;
			productType = "com.apple.product-type.framework";
		};
		2B39E17726386CED003EE954 /* FirebaseServiceTests */ = {
			isa = PBXNativeTarget;
			buildConfigurationList = 2B39E18626386CED003EE954 /* Build configuration list for PBXNativeTarget "FirebaseServiceTests" */;
			buildPhases = (
				2B39E17426386CED003EE954 /* Sources */,
				2B39E17526386CED003EE954 /* Frameworks */,
				2B39E17626386CED003EE954 /* Resources */,
			);
			buildRules = (
			);
			dependencies = (
				2B39E17B26386CED003EE954 /* PBXTargetDependency */,
			);
			name = FirebaseServiceTests;
			productName = FirebaseServiceTests;
			productReference = 2B39E17826386CED003EE954 /* FirebaseServiceTests.xctest */;
			productType = "com.apple.product-type.bundle.unit-test";
		};
/* End PBXNativeTarget section */

/* Begin PBXProject section */
		2B39E16626386CEC003EE954 /* Project object */ = {
			isa = PBXProject;
			attributes = {
				LastSwiftUpdateCheck = 1240;
				LastUpgradeCheck = 1240;
				TargetAttributes = {
					2B39E16E26386CEC003EE954 = {
						CreatedOnToolsVersion = 12.4;
						LastSwiftMigration = 1250;
					};
					2B39E17726386CED003EE954 = {
						CreatedOnToolsVersion = 12.4;
					};
				};
			};
			buildConfigurationList = 2B39E16926386CEC003EE954 /* Build configuration list for PBXProject "FirebaseService" */;
			compatibilityVersion = "Xcode 9.3";
			developmentRegion = en;
			hasScannedForEncodings = 0;
			knownRegions = (
				en,
				Base,
			);
			mainGroup = 2B39E16526386CEC003EE954;
			productRefGroup = 2B39E17026386CEC003EE954 /* Products */;
			projectDirPath = "";
			projectRoot = "";
			targets = (
				2B39E16E26386CEC003EE954 /* FirebaseService */,
				2B39E17726386CED003EE954 /* FirebaseServiceTests */,
			);
		};
/* End PBXProject section */

/* Begin PBXResourcesBuildPhase section */
		2B39E16D26386CEC003EE954 /* Resources */ = {
			isa = PBXResourcesBuildPhase;
			buildActionMask = 2147483647;
			files = (
				F6BA7DAD278147CD0020B430 /* GoogleSignIn.bundle in Resources */,
				2B8AC3DF263BB229002BA1AC /* gRPCCertificates-Cpp.bundle in Resources */,
			);
			runOnlyForDeploymentPostprocessing = 0;
		};
		2B39E17626386CED003EE954 /* Resources */ = {
			isa = PBXResourcesBuildPhase;
			buildActionMask = 2147483647;
			files = (
				F6CFA58226466A8100F9A049 /* SearchPlace.json in Resources */,
			);
			runOnlyForDeploymentPostprocessing = 0;
		};
/* End PBXResourcesBuildPhase section */

/* Begin PBXSourcesBuildPhase section */
		2B39E16B26386CEC003EE954 /* Sources */ = {
			isa = PBXSourcesBuildPhase;
			buildActionMask = 2147483647;
			files = (
				2BD54F83263DCA5E004B3EB0 /* FireStore+Collections.swift in Sources */,
				F6C99B312730382600D42A90 /* SuggestIndexes.swift in Sources */,
				F6BA7DB4278149900020B430 /* GoogleSignInService.swift in Sources */,
				F6C99B2E273035EF00D42A90 /* ReadLinkMemo+Mapping.swift in Sources */,
				F64CCB6C265508490007F7C6 /* UserDevices.swift in Sources */,
				F6A72A4326486D88006BE4BD /* TagRemote+Firebase.swift in Sources */,
				F6A8CE4B271205F100CA6D3D /* ItemCategoryRemote+Firebase.swift in Sources */,
				2BD54F71263DB37D004B3EB0 /* AuthRemote+Firebase.swift in Sources */,
				F6BA7DC127815C9F0020B430 /* GoogleSignInButtonBuilder.swift in Sources */,
				F6684DFB2647CC1000820368 /* GFGeoHashQuery.m in Sources */,
				F6CEF8B326F4E8B300061097 /* ReadItemRemote+Firebase.swift in Sources */,
				F6A72A4126486C47006BE4BD /* Tag+Mapping.swift in Sources */,
				F62692B82725629D00841B40 /* ReadLinkMemoRemote+Firebase.swift in Sources */,
				2BD54F85263DCBB7004B3EB0 /* JsonMapping.swift in Sources */,
				F6BD480D2741050800D2B2C9 /* ShareItem+Firebase.swift in Sources */,
				F617F10A2768EA1200D88F9C /* HelpRemoteImple+Firebase.swift in Sources */,
				F637206826668BB70089D0B3 /* Storage+Extensions.swift in Sources */,
				F617F10C2768EA4900D88F9C /* Feedback+Mapping.swift in Sources */,
				F66E81412655328000682625 /* MessagingRemote+Firebase.swift in Sources */,
				F6F35FC12715F934002B9DA8 /* ReadItemOptionRemote+Firebase.swift in Sources */,
				F6C99B2A273031A000D42A90 /* ReadItem+Mapping.swift in Sources */,
				F67848DA2651229A0074C344 /* DistanceUtills.swift in Sources */,
				F6078F0A26AD2EC1000B8AA4 /* FCMPayload+Mapping.swift in Sources */,
				F67848DC265123D20074C344 /* RemotePolicy.swift in Sources */,
				F6684E012647CC1000820368 /* GFUtils.m in Sources */,
				F6684E062647E38600820368 /* Place+Mapping.swift in Sources */,
				F640618D2735DB4100902787 /* BatchUpload+Firebase.swift in Sources */,
				F67848D726510CB50074C344 /* Hooray+Mapping.swift in Sources */,
				F6CFA57126444F2500F9A049 /* PlaceRemote+Firebase.swift in Sources */,
				F6684DFA2647CC1000820368 /* GFGeoHash.m in Sources */,
				F68B209B26A5D2B200DB30CC /* FCM+Firebase.swift in Sources */,
				F6684DFC2647CC1000820368 /* GFGeoQueryBounds.m in Sources */,
				F6BD480F2741065800D2B2C9 /* ShareItem+Mapping.swift in Sources */,
				F67848D526510B170074C344 /* HoorayRemote+Firebase.swift in Sources */,
				F6684E042647E33400820368 /* Member+Mapping.swift in Sources */,
				F633212B26557BA8000D7456 /* MemberRemote+Firebase.swift in Sources */,
				2B39E2002638708D003EE954 /* FirebaseService.swift in Sources */,
				F6684E002647CC1000820368 /* GFBase32Utils.m in Sources */,
				F6E9F78627817A8700FF992F /* FirebaseCrashLogger.swift in Sources */,
				F6C99B2C2730356100D42A90 /* ItemCategory+Mapping.swift in Sources */,
			);
			runOnlyForDeploymentPostprocessing = 0;
		};
		2B39E17426386CED003EE954 /* Sources */ = {
			isa = PBXSourcesBuildPhase;
			buildActionMask = 2147483647;
			files = (
				F6CFA57D2646659F00F9A049 /* FirebaseServiceImpleTests.swift in Sources */,
				F6CFA57B264660EA00F9A049 /* MockHttpRemote.swift in Sources */,
			);
			runOnlyForDeploymentPostprocessing = 0;
		};
/* End PBXSourcesBuildPhase section */

/* Begin PBXTargetDependency section */
		2B39E17B26386CED003EE954 /* PBXTargetDependency */ = {
			isa = PBXTargetDependency;
			target = 2B39E16E26386CEC003EE954 /* FirebaseService */;
			targetProxy = 2B39E17A26386CED003EE954 /* PBXContainerItemProxy */;
		};
/* End PBXTargetDependency section */

/* Begin XCBuildConfiguration section */
		2B39E18126386CED003EE954 /* Debug */ = {
			isa = XCBuildConfiguration;
			buildSettings = {
				ALWAYS_SEARCH_USER_PATHS = NO;
				CLANG_ANALYZER_NONNULL = YES;
				CLANG_ANALYZER_NUMBER_OBJECT_CONVERSION = YES_AGGRESSIVE;
				CLANG_CXX_LANGUAGE_STANDARD = "gnu++14";
				CLANG_CXX_LIBRARY = "libc++";
				CLANG_ENABLE_MODULES = YES;
				CLANG_ENABLE_OBJC_ARC = YES;
				CLANG_ENABLE_OBJC_WEAK = YES;
				CLANG_WARN_BLOCK_CAPTURE_AUTORELEASING = YES;
				CLANG_WARN_BOOL_CONVERSION = YES;
				CLANG_WARN_COMMA = YES;
				CLANG_WARN_CONSTANT_CONVERSION = YES;
				CLANG_WARN_DEPRECATED_OBJC_IMPLEMENTATIONS = YES;
				CLANG_WARN_DIRECT_OBJC_ISA_USAGE = YES_ERROR;
				CLANG_WARN_DOCUMENTATION_COMMENTS = YES;
				CLANG_WARN_EMPTY_BODY = YES;
				CLANG_WARN_ENUM_CONVERSION = YES;
				CLANG_WARN_INFINITE_RECURSION = YES;
				CLANG_WARN_INT_CONVERSION = YES;
				CLANG_WARN_NON_LITERAL_NULL_CONVERSION = YES;
				CLANG_WARN_OBJC_IMPLICIT_RETAIN_SELF = YES;
				CLANG_WARN_OBJC_LITERAL_CONVERSION = YES;
				CLANG_WARN_OBJC_ROOT_CLASS = YES_ERROR;
				CLANG_WARN_QUOTED_INCLUDE_IN_FRAMEWORK_HEADER = YES;
				CLANG_WARN_RANGE_LOOP_ANALYSIS = YES;
				CLANG_WARN_STRICT_PROTOTYPES = YES;
				CLANG_WARN_SUSPICIOUS_MOVE = YES;
				CLANG_WARN_UNGUARDED_AVAILABILITY = YES_AGGRESSIVE;
				CLANG_WARN_UNREACHABLE_CODE = YES;
				CLANG_WARN__DUPLICATE_METHOD_MATCH = YES;
				COPY_PHASE_STRIP = NO;
				CURRENT_PROJECT_VERSION = 1;
				DEBUG_INFORMATION_FORMAT = dwarf;
				ENABLE_STRICT_OBJC_MSGSEND = YES;
				ENABLE_TESTABILITY = YES;
				GCC_C_LANGUAGE_STANDARD = gnu11;
				GCC_DYNAMIC_NO_PIC = NO;
				GCC_NO_COMMON_BLOCKS = YES;
				GCC_OPTIMIZATION_LEVEL = 0;
				GCC_PREPROCESSOR_DEFINITIONS = (
					"DEBUG=1",
					"$(inherited)",
				);
				GCC_WARN_64_TO_32_BIT_CONVERSION = YES;
				GCC_WARN_ABOUT_RETURN_TYPE = YES_ERROR;
				GCC_WARN_UNDECLARED_SELECTOR = YES;
				GCC_WARN_UNINITIALIZED_AUTOS = YES_AGGRESSIVE;
				GCC_WARN_UNUSED_FUNCTION = YES;
				GCC_WARN_UNUSED_VARIABLE = YES;
				IPHONEOS_DEPLOYMENT_TARGET = 13.0;
				MTL_ENABLE_DEBUG_INFO = INCLUDE_SOURCE;
				MTL_FAST_MATH = YES;
				ONLY_ACTIVE_ARCH = YES;
				SDKROOT = iphoneos;
				SWIFT_ACTIVE_COMPILATION_CONDITIONS = DEBUG;
				SWIFT_OPTIMIZATION_LEVEL = "-Onone";
				VERSIONING_SYSTEM = "apple-generic";
				VERSION_INFO_PREFIX = "";
			};
			name = Debug;
		};
		2B39E18226386CED003EE954 /* Release */ = {
			isa = XCBuildConfiguration;
			buildSettings = {
				ALWAYS_SEARCH_USER_PATHS = NO;
				CLANG_ANALYZER_NONNULL = YES;
				CLANG_ANALYZER_NUMBER_OBJECT_CONVERSION = YES_AGGRESSIVE;
				CLANG_CXX_LANGUAGE_STANDARD = "gnu++14";
				CLANG_CXX_LIBRARY = "libc++";
				CLANG_ENABLE_MODULES = YES;
				CLANG_ENABLE_OBJC_ARC = YES;
				CLANG_ENABLE_OBJC_WEAK = YES;
				CLANG_WARN_BLOCK_CAPTURE_AUTORELEASING = YES;
				CLANG_WARN_BOOL_CONVERSION = YES;
				CLANG_WARN_COMMA = YES;
				CLANG_WARN_CONSTANT_CONVERSION = YES;
				CLANG_WARN_DEPRECATED_OBJC_IMPLEMENTATIONS = YES;
				CLANG_WARN_DIRECT_OBJC_ISA_USAGE = YES_ERROR;
				CLANG_WARN_DOCUMENTATION_COMMENTS = YES;
				CLANG_WARN_EMPTY_BODY = YES;
				CLANG_WARN_ENUM_CONVERSION = YES;
				CLANG_WARN_INFINITE_RECURSION = YES;
				CLANG_WARN_INT_CONVERSION = YES;
				CLANG_WARN_NON_LITERAL_NULL_CONVERSION = YES;
				CLANG_WARN_OBJC_IMPLICIT_RETAIN_SELF = YES;
				CLANG_WARN_OBJC_LITERAL_CONVERSION = YES;
				CLANG_WARN_OBJC_ROOT_CLASS = YES_ERROR;
				CLANG_WARN_QUOTED_INCLUDE_IN_FRAMEWORK_HEADER = YES;
				CLANG_WARN_RANGE_LOOP_ANALYSIS = YES;
				CLANG_WARN_STRICT_PROTOTYPES = YES;
				CLANG_WARN_SUSPICIOUS_MOVE = YES;
				CLANG_WARN_UNGUARDED_AVAILABILITY = YES_AGGRESSIVE;
				CLANG_WARN_UNREACHABLE_CODE = YES;
				CLANG_WARN__DUPLICATE_METHOD_MATCH = YES;
				COPY_PHASE_STRIP = NO;
				CURRENT_PROJECT_VERSION = 1;
				DEBUG_INFORMATION_FORMAT = "dwarf-with-dsym";
				ENABLE_NS_ASSERTIONS = NO;
				ENABLE_STRICT_OBJC_MSGSEND = YES;
				GCC_C_LANGUAGE_STANDARD = gnu11;
				GCC_NO_COMMON_BLOCKS = YES;
				GCC_WARN_64_TO_32_BIT_CONVERSION = YES;
				GCC_WARN_ABOUT_RETURN_TYPE = YES_ERROR;
				GCC_WARN_UNDECLARED_SELECTOR = YES;
				GCC_WARN_UNINITIALIZED_AUTOS = YES_AGGRESSIVE;
				GCC_WARN_UNUSED_FUNCTION = YES;
				GCC_WARN_UNUSED_VARIABLE = YES;
				IPHONEOS_DEPLOYMENT_TARGET = 13.0;
				MTL_ENABLE_DEBUG_INFO = NO;
				MTL_FAST_MATH = YES;
				SDKROOT = iphoneos;
				SWIFT_COMPILATION_MODE = wholemodule;
				SWIFT_OPTIMIZATION_LEVEL = "-O";
				VALIDATE_PRODUCT = YES;
				VERSIONING_SYSTEM = "apple-generic";
				VERSION_INFO_PREFIX = "";
			};
			name = Release;
		};
		2B39E18426386CED003EE954 /* Debug */ = {
			isa = XCBuildConfiguration;
			buildSettings = {
				CLANG_ENABLE_MODULES = YES;
				CODE_SIGN_STYLE = Automatic;
				DEBUG_INFORMATION_FORMAT = "dwarf-with-dsym";
				DEFINES_MODULE = YES;
				DEVELOPMENT_TEAM = 2ABNASUGL6;
				DYLIB_COMPATIBILITY_VERSION = 1;
				DYLIB_CURRENT_VERSION = 1;
				DYLIB_INSTALL_NAME_BASE = "@rpath";
				FRAMEWORK_SEARCH_PATHS = "\"$(SRCROOT)/FirebaseService/FirebaseFrameworks";
				INFOPLIST_FILE = FirebaseService/Info.plist;
				INSTALL_PATH = "$(LOCAL_LIBRARY_DIR)/Frameworks";
				LD_RUNPATH_SEARCH_PATHS = (
					"$(inherited)",
					"@executable_path/Frameworks",
					"@loader_path/Frameworks",
				);
				OTHER_LDFLAGS = (
					"$(OTHER_LDFLAGS)",
					"-ObjC",
				);
				PRODUCT_BUNDLE_IDENTIFIER = com.sudo.park.FirebaseService;
				PRODUCT_NAME = "$(TARGET_NAME:c99extidentifier)";
				SKIP_INSTALL = YES;
				SWIFT_OPTIMIZATION_LEVEL = "-Onone";
				SWIFT_VERSION = 5.0;
				TARGETED_DEVICE_FAMILY = "1,2";
				USER_HEADER_SEARCH_PATHS = "\"$(SRCROOT)/FirebaseService/FirebaseFrameworks/module.modulemap\"";
			};
			name = Debug;
		};
		2B39E18526386CED003EE954 /* Release */ = {
			isa = XCBuildConfiguration;
			buildSettings = {
				CLANG_ENABLE_MODULES = YES;
				CODE_SIGN_STYLE = Automatic;
				DEFINES_MODULE = YES;
				DEVELOPMENT_TEAM = 2ABNASUGL6;
				DYLIB_COMPATIBILITY_VERSION = 1;
				DYLIB_CURRENT_VERSION = 1;
				DYLIB_INSTALL_NAME_BASE = "@rpath";
				FRAMEWORK_SEARCH_PATHS = "\"$(SRCROOT)/FirebaseService/FirebaseFrameworks";
				INFOPLIST_FILE = FirebaseService/Info.plist;
				INSTALL_PATH = "$(LOCAL_LIBRARY_DIR)/Frameworks";
				LD_RUNPATH_SEARCH_PATHS = (
					"$(inherited)",
					"@executable_path/Frameworks",
					"@loader_path/Frameworks",
				);
				OTHER_LDFLAGS = (
					"$(OTHER_LDFLAGS)",
					"-ObjC",
				);
				PRODUCT_BUNDLE_IDENTIFIER = com.sudo.park.FirebaseService;
				PRODUCT_NAME = "$(TARGET_NAME:c99extidentifier)";
				SKIP_INSTALL = YES;
				SWIFT_VERSION = 5.0;
				TARGETED_DEVICE_FAMILY = "1,2";
				USER_HEADER_SEARCH_PATHS = "\"$(SRCROOT)/FirebaseService/FirebaseFrameworks/module.modulemap\"";
			};
			name = Release;
		};
		2B39E18726386CED003EE954 /* Debug */ = {
			isa = XCBuildConfiguration;
			buildSettings = {
				ALWAYS_EMBED_SWIFT_STANDARD_LIBRARIES = YES;
				CODE_SIGN_STYLE = Automatic;
				DEVELOPMENT_TEAM = 2ABNASUGL6;
				INFOPLIST_FILE = FirebaseServiceTests/Info.plist;
				LD_RUNPATH_SEARCH_PATHS = (
					"$(inherited)",
					"@executable_path/Frameworks",
					"@loader_path/Frameworks",
				);
				PRODUCT_BUNDLE_IDENTIFIER = com.sudo.park.FirebaseServiceTests;
				PRODUCT_NAME = "$(TARGET_NAME)";
				SWIFT_VERSION = 5.0;
				TARGETED_DEVICE_FAMILY = "1,2";
			};
			name = Debug;
		};
		2B39E18826386CED003EE954 /* Release */ = {
			isa = XCBuildConfiguration;
			buildSettings = {
				ALWAYS_EMBED_SWIFT_STANDARD_LIBRARIES = YES;
				CODE_SIGN_STYLE = Automatic;
				DEVELOPMENT_TEAM = 2ABNASUGL6;
				INFOPLIST_FILE = FirebaseServiceTests/Info.plist;
				LD_RUNPATH_SEARCH_PATHS = (
					"$(inherited)",
					"@executable_path/Frameworks",
					"@loader_path/Frameworks",
				);
				PRODUCT_BUNDLE_IDENTIFIER = com.sudo.park.FirebaseServiceTests;
				PRODUCT_NAME = "$(TARGET_NAME)";
				SWIFT_VERSION = 5.0;
				TARGETED_DEVICE_FAMILY = "1,2";
			};
			name = Release;
		};
/* End XCBuildConfiguration section */

/* Begin XCConfigurationList section */
		2B39E16926386CEC003EE954 /* Build configuration list for PBXProject "FirebaseService" */ = {
			isa = XCConfigurationList;
			buildConfigurations = (
				2B39E18126386CED003EE954 /* Debug */,
				2B39E18226386CED003EE954 /* Release */,
			);
			defaultConfigurationIsVisible = 0;
			defaultConfigurationName = Release;
		};
		2B39E18326386CED003EE954 /* Build configuration list for PBXNativeTarget "FirebaseService" */ = {
			isa = XCConfigurationList;
			buildConfigurations = (
				2B39E18426386CED003EE954 /* Debug */,
				2B39E18526386CED003EE954 /* Release */,
			);
			defaultConfigurationIsVisible = 0;
			defaultConfigurationName = Release;
		};
		2B39E18626386CED003EE954 /* Build configuration list for PBXNativeTarget "FirebaseServiceTests" */ = {
			isa = XCConfigurationList;
			buildConfigurations = (
				2B39E18726386CED003EE954 /* Debug */,
				2B39E18826386CED003EE954 /* Release */,
			);
			defaultConfigurationIsVisible = 0;
			defaultConfigurationName = Release;
		};
/* End XCConfigurationList section */
	};
	rootObject = 2B39E16626386CEC003EE954 /* Project object */;
}
